<?xml version="1.0" encoding="utf-8"?>
<Project ToolsVersion="4.0" xmlns="http://schemas.microsoft.com/developer/msbuild/2003">
  <ItemGroup>
    <Filter Include="源文件">
      <UniqueIdentifier>{4FC737F1-C7A5-4376-A066-2A32D752A2FF}</UniqueIdentifier>
      <Extensions>cpp;c;cc;cxx;def;odl;idl;hpj;bat;asm;asmx</Extensions>
    </Filter>
    <Filter Include="头文件">
      <UniqueIdentifier>{93995380-89BD-4b04-88EB-625FBE52EBFB}</UniqueIdentifier>
      <Extensions>h;hh;hpp;hxx;hm;inl;inc;xsd</Extensions>
    </Filter>
    <Filter Include="资源文件">
      <UniqueIdentifier>{67DA6AB6-F800-4c08-8B7A-83BB121AAD01}</UniqueIdentifier>
      <Extensions>rc;ico;cur;bmp;dlg;rc2;rct;bin;rgs;gif;jpg;jpeg;jpe;resx;tiff;tif;png;wav;mfcribbon-ms</Extensions>
    </Filter>
  </ItemGroup>
  <ItemGroup>
    <ClCompile Include="面试题30-最小的k个数.cpp">
      <Filter>源文件</Filter>
    </ClCompile>
    <ClCompile Include="面试题目4：替换空格.cpp">
      <Filter>源文件</Filter>
    </ClCompile>
    <ClCompile Include="数对之差最大的值.cpp">
      <Filter>源文件</Filter>
    </ClCompile>
    <ClCompile Include="面试题31-连续子数组的最大和.cpp">
      <Filter>源文件</Filter>
    </ClCompile>
    <ClCompile Include="面试题36-数组中的逆序对.cpp">
      <Filter>源文件</Filter>
    </ClCompile>
    <ClCompile Include="面试题01-赋值运算符函数.cpp">
      <Filter>源文件</Filter>
    </ClCompile>
    <ClCompile Include="面试题03-二维数组中的查找.cpp">
      <Filter>源文件</Filter>
    </ClCompile>
    <ClCompile Include="面试题05-从头到尾打印链表.cpp">
      <Filter>源文件</Filter>
    </ClCompile>
    <ClCompile Include="面试题07-两个栈实现队列.cpp">
      <Filter>源文件</Filter>
    </ClCompile>
    <ClCompile Include="面试题07-两个队列实现栈.cpp">
      <Filter>源文件</Filter>
    </ClCompile>
    <ClCompile Include="面试题08-时间效率为On的员工年龄排序.cpp">
      <Filter>源文件</Filter>
    </ClCompile>
    <ClCompile Include="面试题08-旋转数组的最小数字.cpp">
      <Filter>源文件</Filter>
    </ClCompile>
    <ClCompile Include="面试题06-重建二叉树-根据先序遍历和中序遍历.cpp">
      <Filter>源文件</Filter>
    </ClCompile>
    <ClCompile Include="面试题06-重建二叉树-根据后序遍历和中序遍历.cpp">
      <Filter>源文件</Filter>
    </ClCompile>
  </ItemGroup>
  <ItemGroup>
    <None Include="面试题02-实现Singletom模式.cs">
      <Filter>源文件</Filter>
    </None>
  </ItemGroup>
</Project>