<?xml version="1.0" encoding="utf-8"?>
<Project ToolsVersion="4.0" xmlns="http://schemas.microsoft.com/developer/msbuild/2003">
  <ItemGroup>
    <Filter Include="源文件">
      <UniqueIdentifier>{4FC737F1-C7A5-4376-A066-2A32D752A2FF}</UniqueIdentifier>
      <Extensions>cpp;c;cc;cxx;def;odl;idl;hpj;bat;asm;asmx</Extensions>
    </Filter>
    <Filter Include="头文件">
      <UniqueIdentifier>{93995380-89BD-4b04-88EB-625FBE52EBFB}</UniqueIdentifier>
      <Extensions>h;hh;hpp;hxx;hm;inl;inc;xsd</Extensions>
    </Filter>
    <Filter Include="资源文件">
      <UniqueIdentifier>{67DA6AB6-F800-4c08-8B7A-83BB121AAD01}</UniqueIdentifier>
      <Extensions>rc;ico;cur;bmp;dlg;rc2;rct;bin;rgs;gif;jpg;jpeg;jpe;resx;tiff;tif;png;wav;mfcribbon-ms</Extensions>
    </Filter>
    <Filter Include="源文件\各大公司在线笔试题目">
      <UniqueIdentifier>{f69ba015-deab-4fa3-af59-12689e5c568c}</UniqueIdentifier>
    </Filter>
    <Filter Include="源文件\牛客网C/C++专项练习题">
      <UniqueIdentifier>{df55a14c-24a6-4608-9321-053f2d6524cf}</UniqueIdentifier>
    </Filter>
    <Filter Include="源文件\各大公司在线笔试题目\滴滴2016.09.06校招 在线笔试">
      <UniqueIdentifier>{cdc7c3e8-4ec3-4aea-a508-92389261507c}</UniqueIdentifier>
    </Filter>
    <Filter Include="源文件\各大公司在线笔试题目\腾讯2017校招开发工程师笔试试卷二">
      <UniqueIdentifier>{f9c3fcd4-16dd-46c6-9b4c-a938345cd823}</UniqueIdentifier>
    </Filter>
    <Filter Include="源文件\各大公司在线笔试题目\百度2017春招笔试真题编程题">
      <UniqueIdentifier>{1b386768-671a-42f3-ab63-f3295035230d}</UniqueIdentifier>
    </Filter>
    <Filter Include="源文件\各大公司在线笔试题目\腾讯2017暑期实习生编程题">
      <UniqueIdentifier>{56c5c926-3fa8-4b72-b678-9a5c071122ba}</UniqueIdentifier>
    </Filter>
    <Filter Include="源文件\各大公司在线笔试题目\网易2018校园招聘编程题真题集合">
      <UniqueIdentifier>{c89c818f-04d8-4177-8cdc-6e182bedcbbe}</UniqueIdentifier>
    </Filter>
  </ItemGroup>
  <ItemGroup>
    <ClCompile Include="递归函数调用理解题目.cpp">
      <Filter>源文件\牛客网C/C++专项练习题</Filter>
    </ClCompile>
    <ClCompile Include="连续子数组的最大和.cpp">
      <Filter>源文件\各大公司在线笔试题目\滴滴2016.09.06校招 在线笔试</Filter>
    </ClCompile>
    <ClCompile Include="餐馆.cpp">
      <Filter>源文件\各大公司在线笔试题目\滴滴2016.09.06校招 在线笔试</Filter>
    </ClCompile>
    <ClCompile Include="编码求对应的index.cpp">
      <Filter>源文件\各大公司在线笔试题目\腾讯2017校招开发工程师笔试试卷二</Filter>
    </ClCompile>
    <ClCompile Include="5不等式数列.cpp">
      <Filter>源文件\各大公司在线笔试题目\百度2017春招笔试真题编程题</Filter>
    </ClCompile>
    <ClCompile Include="1买帽子.cpp">
      <Filter>源文件\各大公司在线笔试题目\百度2017春招笔试真题编程题</Filter>
    </ClCompile>
    <ClCompile Include="2度度熊回家.cpp">
      <Filter>源文件\各大公司在线笔试题目\百度2017春招笔试真题编程题</Filter>
    </ClCompile>
    <ClCompile Include="3寻找三角形.cpp">
      <Filter>源文件\各大公司在线笔试题目\百度2017春招笔试真题编程题</Filter>
    </ClCompile>
    <ClCompile Include="4有趣的排序.cpp">
      <Filter>源文件\各大公司在线笔试题目\百度2017春招笔试真题编程题</Filter>
    </ClCompile>
    <ClCompile Include="构造回文.cpp">
      <Filter>源文件\各大公司在线笔试题目\腾讯2017暑期实习生编程题</Filter>
    </ClCompile>
    <ClCompile Include="算法基础-字符移位.cpp">
      <Filter>源文件\各大公司在线笔试题目\腾讯2017暑期实习生编程题</Filter>
    </ClCompile>
    <ClCompile Include="有趣的数字.cpp">
      <Filter>源文件\各大公司在线笔试题目\腾讯2017暑期实习生编程题</Filter>
    </ClCompile>
    <ClCompile Include="送你一个励志故事——涵盖20多所互联网公司的校招面经.cpp">
      <Filter>资源文件</Filter>
    </ClCompile>
    <ClCompile Include="魔法币.cpp">
      <Filter>源文件\各大公司在线笔试题目\网易2018校园招聘编程题真题集合</Filter>
    </ClCompile>
    <ClCompile Include="相反数.cpp">
      <Filter>源文件\各大公司在线笔试题目\网易2018校园招聘编程题真题集合</Filter>
    </ClCompile>
    <ClCompile Include="字符串碎片.cpp">
      <Filter>源文件\各大公司在线笔试题目\网易2018校园招聘编程题真题集合</Filter>
    </ClCompile>
    <ClCompile Include="游历魔法王国.cpp">
      <Filter>源文件\各大公司在线笔试题目\网易2018校园招聘编程题真题集合</Filter>
    </ClCompile>
    <ClCompile Include="重排数列.cpp">
      <Filter>源文件\各大公司在线笔试题目\网易2018校园招聘编程题真题集合</Filter>
    </ClCompile>
    <ClCompile Include="最长公共子括号序列.cpp">
      <Filter>源文件\各大公司在线笔试题目\网易2018校园招聘编程题真题集合</Filter>
    </ClCompile>
    <ClCompile Include="合唱.cpp">
      <Filter>源文件\各大公司在线笔试题目\网易2018校园招聘编程题真题集合</Filter>
    </ClCompile>
    <ClCompile Include="射击游戏.cpp">
      <Filter>源文件\各大公司在线笔试题目\网易2018校园招聘编程题真题集合</Filter>
    </ClCompile>
  </ItemGroup>
</Project>