<?xml version="1.0" encoding="utf-8"?>
<Project ToolsVersion="4.0" xmlns="http://schemas.microsoft.com/developer/msbuild/2003">
  <ItemGroup>
    <Filter Include="源文件">
      <UniqueIdentifier>{4FC737F1-C7A5-4376-A066-2A32D752A2FF}</UniqueIdentifier>
      <Extensions>cpp;c;cc;cxx;def;odl;idl;hpj;bat;asm;asmx</Extensions>
    </Filter>
    <Filter Include="头文件">
      <UniqueIdentifier>{93995380-89BD-4b04-88EB-625FBE52EBFB}</UniqueIdentifier>
      <Extensions>h;hh;hpp;hxx;hm;inl;inc;xsd</Extensions>
    </Filter>
    <Filter Include="资源文件">
      <UniqueIdentifier>{67DA6AB6-F800-4c08-8B7A-83BB121AAD01}</UniqueIdentifier>
      <Extensions>rc;ico;cur;bmp;dlg;rc2;rct;bin;rgs;gif;jpg;jpeg;jpe;resx;tiff;tif;png;wav;mfcribbon-ms</Extensions>
    </Filter>
    <Filter Include="源文件\各大公司在线笔试题目">
      <UniqueIdentifier>{f69ba015-deab-4fa3-af59-12689e5c568c}</UniqueIdentifier>
    </Filter>
    <Filter Include="源文件\牛客网C/C++专项练习题">
      <UniqueIdentifier>{df55a14c-24a6-4608-9321-053f2d6524cf}</UniqueIdentifier>
    </Filter>
    <Filter Include="源文件\各大公司在线笔试题目\滴滴2016.09.06校招 在线笔试">
      <UniqueIdentifier>{cdc7c3e8-4ec3-4aea-a508-92389261507c}</UniqueIdentifier>
    </Filter>
    <Filter Include="源文件\各大公司在线笔试题目\腾讯2017校招开发工程师笔试试卷二">
      <UniqueIdentifier>{f9c3fcd4-16dd-46c6-9b4c-a938345cd823}</UniqueIdentifier>
    </Filter>
    <Filter Include="源文件\各大公司在线笔试题目\百度2017春招笔试真题编程题">
      <UniqueIdentifier>{1b386768-671a-42f3-ab63-f3295035230d}</UniqueIdentifier>
    </Filter>
    <Filter Include="源文件\各大公司在线笔试题目\腾讯2017暑期实习生编程题">
      <UniqueIdentifier>{56c5c926-3fa8-4b72-b678-9a5c071122ba}</UniqueIdentifier>
    </Filter>
    <Filter Include="源文件\各大公司在线笔试题目\网易2018校园招聘编程题真题集合">
      <UniqueIdentifier>{c89c818f-04d8-4177-8cdc-6e182bedcbbe}</UniqueIdentifier>
    </Filter>
    <Filter Include="源文件\各大公司在线笔试题目\今日头条2017秋招开发工程师笔试试卷">
      <UniqueIdentifier>{8ef47b8c-6f12-4a3e-aa8b-1a407400b58c}</UniqueIdentifier>
    </Filter>
    <Filter Include="源文件\各大公司在线笔试题目\爱奇艺2018秋季校招C++工程师（第二场）">
      <UniqueIdentifier>{8aef403b-44a6-4fe9-a2d2-ef9bb02bfda3}</UniqueIdentifier>
    </Filter>
    <Filter Include="源文件\各大公司在线笔试题目\腾讯2017校招开发工程师笔试试卷（一）">
      <UniqueIdentifier>{eecfe15c-3d20-4564-8abd-d5a3901a43b3}</UniqueIdentifier>
    </Filter>
    <Filter Include="源文件\各大公司在线笔试题目\2018年校招全国统一模拟笔试%28第一场%29编程题">
      <UniqueIdentifier>{bc85790d-17e6-44d4-b8ef-4ace23a70126}</UniqueIdentifier>
    </Filter>
    <Filter Include="源文件\各大公司在线笔试题目\腾讯微信后台电话面试编程题">
      <UniqueIdentifier>{6228311d-a496-4e0a-bd4f-f0bae0f1395f}</UniqueIdentifier>
    </Filter>
    <Filter Include="源文件\各大公司在线笔试题目\美团2018春招实习生在线笔试编程题">
      <UniqueIdentifier>{c685c7b9-5a44-45df-99ce-148328f024c8}</UniqueIdentifier>
    </Filter>
    <Filter Include="源文件\各大公司在线笔试题目\今日头条2018春季校园招聘研发岗位笔试">
      <UniqueIdentifier>{183975b0-b095-4315-a0c7-9ad120a32681}</UniqueIdentifier>
    </Filter>
    <Filter Include="源文件\各大公司在线笔试题目\网易2018春招笔试编程题">
      <UniqueIdentifier>{c8d412bd-7dee-4110-b279-398e6f8ca8af}</UniqueIdentifier>
    </Filter>
    <Filter Include="源文件\各大公司在线笔试题目\微软2018年预科生计划在线编程笔试">
      <UniqueIdentifier>{8d34b85a-d464-408a-91e3-c10c3c933644}</UniqueIdentifier>
    </Filter>
    <Filter Include="源文件\各大公司在线笔试题目\吉比特2018春招技术类笔试试卷编程题">
      <UniqueIdentifier>{e1674889-8a13-453b-9315-63aa18e96c51}</UniqueIdentifier>
    </Filter>
    <Filter Include="源文件\各大公司在线笔试题目\京东2019春招C++工程师笔试题">
      <UniqueIdentifier>{1d4def91-6902-439a-a990-c109c3fb7aec}</UniqueIdentifier>
    </Filter>
    <Filter Include="源文件\各大公司在线笔试题目\亚马逊中国软件开发工程师">
      <UniqueIdentifier>{e86b1536-0d38-47f2-b61e-7aa06e9a4724}</UniqueIdentifier>
    </Filter>
    <Filter Include="源文件\各大公司在线笔试题目\京东2018实习生招聘面试编程题">
      <UniqueIdentifier>{f85b6214-e98f-4585-b0f3-d2743cd4a325}</UniqueIdentifier>
    </Filter>
    <Filter Include="源文件\各大公司在线笔试题目\网易游戏雷火盘古2017实习生招聘笔试真题">
      <UniqueIdentifier>{954b259f-740a-44b5-ad80-339083d0ea83}</UniqueIdentifier>
    </Filter>
    <Filter Include="源文件\各大公司在线笔试题目\网易2019暑期实习生游戏研发工程师在线笔试第一批">
      <UniqueIdentifier>{495bc172-1ccf-4f12-8413-252cec8bde20}</UniqueIdentifier>
    </Filter>
    <Filter Include="源文件\各大公司在线笔试题目\大疆创新2015年校园招聘笔试题目">
      <UniqueIdentifier>{f303405a-3c61-454c-9fe3-1682320b175d}</UniqueIdentifier>
    </Filter>
    <Filter Include="源文件\各大公司在线笔试题目\百度2018秋季校招Java在线笔试">
      <UniqueIdentifier>{d50e8014-1fad-42aa-b43c-80daed2ccba2}</UniqueIdentifier>
    </Filter>
    <Filter Include="源文件\各大公司在线笔试题目\大华软件挑战创新大赛模拟题">
      <UniqueIdentifier>{954d458d-0985-4c82-96e0-7f57289a9c79}</UniqueIdentifier>
    </Filter>
    <Filter Include="源文件\各大公司在线笔试题目\大华软件挑战创新大赛初赛题目">
      <UniqueIdentifier>{b773f15b-59da-436c-bc7f-e9dd73cbe8a8}</UniqueIdentifier>
    </Filter>
    <Filter Include="源文件\各大公司在线笔试题目\阿里巴巴2018实习生招聘算法工程师在线笔试题">
      <UniqueIdentifier>{0eba9357-38f8-4ce7-bf3a-874302549c37}</UniqueIdentifier>
    </Filter>
  </ItemGroup>
  <ItemGroup>
    <ClCompile Include="递归函数调用理解题目.cpp">
      <Filter>源文件\牛客网C/C++专项练习题</Filter>
    </ClCompile>
    <ClCompile Include="连续子数组的最大和.cpp">
      <Filter>源文件\各大公司在线笔试题目\滴滴2016.09.06校招 在线笔试</Filter>
    </ClCompile>
    <ClCompile Include="餐馆.cpp">
      <Filter>源文件\各大公司在线笔试题目\滴滴2016.09.06校招 在线笔试</Filter>
    </ClCompile>
    <ClCompile Include="编码求对应的index.cpp">
      <Filter>源文件\各大公司在线笔试题目\腾讯2017校招开发工程师笔试试卷二</Filter>
    </ClCompile>
    <ClCompile Include="5不等式数列.cpp">
      <Filter>源文件\各大公司在线笔试题目\百度2017春招笔试真题编程题</Filter>
    </ClCompile>
    <ClCompile Include="1买帽子.cpp">
      <Filter>源文件\各大公司在线笔试题目\百度2017春招笔试真题编程题</Filter>
    </ClCompile>
    <ClCompile Include="2度度熊回家.cpp">
      <Filter>源文件\各大公司在线笔试题目\百度2017春招笔试真题编程题</Filter>
    </ClCompile>
    <ClCompile Include="3寻找三角形.cpp">
      <Filter>源文件\各大公司在线笔试题目\百度2017春招笔试真题编程题</Filter>
    </ClCompile>
    <ClCompile Include="4有趣的排序.cpp">
      <Filter>源文件\各大公司在线笔试题目\百度2017春招笔试真题编程题</Filter>
    </ClCompile>
    <ClCompile Include="构造回文.cpp">
      <Filter>源文件\各大公司在线笔试题目\腾讯2017暑期实习生编程题</Filter>
    </ClCompile>
    <ClCompile Include="算法基础-字符移位.cpp">
      <Filter>源文件\各大公司在线笔试题目\腾讯2017暑期实习生编程题</Filter>
    </ClCompile>
    <ClCompile Include="有趣的数字.cpp">
      <Filter>源文件\各大公司在线笔试题目\腾讯2017暑期实习生编程题</Filter>
    </ClCompile>
    <ClCompile Include="送你一个励志故事——涵盖20多所互联网公司的校招面经.cpp">
      <Filter>资源文件</Filter>
    </ClCompile>
    <ClCompile Include="魔法币.cpp">
      <Filter>源文件\各大公司在线笔试题目\网易2018校园招聘编程题真题集合</Filter>
    </ClCompile>
    <ClCompile Include="相反数.cpp">
      <Filter>源文件\各大公司在线笔试题目\网易2018校园招聘编程题真题集合</Filter>
    </ClCompile>
    <ClCompile Include="字符串碎片.cpp">
      <Filter>源文件\各大公司在线笔试题目\网易2018校园招聘编程题真题集合</Filter>
    </ClCompile>
    <ClCompile Include="游历魔法王国.cpp">
      <Filter>源文件\各大公司在线笔试题目\网易2018校园招聘编程题真题集合</Filter>
    </ClCompile>
    <ClCompile Include="重排数列.cpp">
      <Filter>源文件\各大公司在线笔试题目\网易2018校园招聘编程题真题集合</Filter>
    </ClCompile>
    <ClCompile Include="最长公共子括号序列.cpp">
      <Filter>源文件\各大公司在线笔试题目\网易2018校园招聘编程题真题集合</Filter>
    </ClCompile>
    <ClCompile Include="合唱.cpp">
      <Filter>源文件\各大公司在线笔试题目\网易2018校园招聘编程题真题集合</Filter>
    </ClCompile>
    <ClCompile Include="射击游戏.cpp">
      <Filter>源文件\各大公司在线笔试题目\网易2018校园招聘编程题真题集合</Filter>
    </ClCompile>
    <ClCompile Include="2异或.cpp">
      <Filter>源文件\各大公司在线笔试题目\今日头条2017秋招开发工程师笔试试卷</Filter>
    </ClCompile>
    <ClCompile Include="1头条校招.cpp">
      <Filter>源文件\各大公司在线笔试题目\今日头条2017秋招开发工程师笔试试卷</Filter>
    </ClCompile>
    <ClCompile Include="回文素数.cpp">
      <Filter>源文件\各大公司在线笔试题目\爱奇艺2018秋季校招C++工程师（第二场）</Filter>
    </ClCompile>
    <ClCompile Include="青草游戏.cpp">
      <Filter>源文件\各大公司在线笔试题目\爱奇艺2018秋季校招C++工程师（第二场）</Filter>
    </ClCompile>
    <ClCompile Include="无聊的牛牛和羊羊.cpp">
      <Filter>源文件\各大公司在线笔试题目\爱奇艺2018秋季校招C++工程师（第二场）</Filter>
    </ClCompile>
    <ClCompile Include="字符串编码.cpp">
      <Filter>源文件\各大公司在线笔试题目\网易游戏雷火盘古2017实习生招聘笔试真题</Filter>
    </ClCompile>
    <ClCompile Include="最大和.cpp">
      <Filter>源文件\各大公司在线笔试题目\网易游戏雷火盘古2017实习生招聘笔试真题</Filter>
    </ClCompile>
    <ClCompile Include="推箱子.cpp">
      <Filter>源文件\各大公司在线笔试题目\网易游戏雷火盘古2017实习生招聘笔试真题</Filter>
    </ClCompile>
    <ClCompile Include="赛马.cpp">
      <Filter>源文件\各大公司在线笔试题目\网易游戏雷火盘古2017实习生招聘笔试真题</Filter>
    </ClCompile>
    <ClCompile Include="问答题1.cpp">
      <Filter>源文件\各大公司在线笔试题目\腾讯2017校招开发工程师笔试试卷（一）</Filter>
    </ClCompile>
    <ClCompile Include="问答题2.cpp">
      <Filter>源文件\各大公司在线笔试题目\腾讯2017校招开发工程师笔试试卷（一）</Filter>
    </ClCompile>
    <ClCompile Include="质数和对数.cpp">
      <Filter>源文件\各大公司在线笔试题目\腾讯2017校招开发工程师笔试试卷（一）</Filter>
    </ClCompile>
    <ClCompile Include="geohash编码.cpp">
      <Filter>源文件\各大公司在线笔试题目\腾讯2017校招开发工程师笔试试卷（一）</Filter>
    </ClCompile>
    <ClCompile Include="[编程题] 寻宝.cpp">
      <Filter>源文件\各大公司在线笔试题目\2018年校招全国统一模拟笔试%28第一场%29编程题</Filter>
    </ClCompile>
    <ClCompile Include="[编程题] 打车.cpp">
      <Filter>源文件\各大公司在线笔试题目\2018年校招全国统一模拟笔试%28第一场%29编程题</Filter>
    </ClCompile>
    <ClCompile Include="[编程题] 勇敢的妞妞.cpp">
      <Filter>源文件\各大公司在线笔试题目\2018年校招全国统一模拟笔试%28第一场%29编程题</Filter>
    </ClCompile>
    <ClCompile Include="[编程100分] 会话列表.cpp">
      <Filter>源文件\各大公司在线笔试题目\网易2019暑期实习生游戏研发工程师在线笔试第一批</Filter>
    </ClCompile>
    <ClCompile Include="[编程100分] 表达式求值.cpp">
      <Filter>源文件\各大公司在线笔试题目\网易2019暑期实习生游戏研发工程师在线笔试第一批</Filter>
    </ClCompile>
    <ClCompile Include="包含多少个0.cpp">
      <Filter>源文件\各大公司在线笔试题目\腾讯微信后台电话面试编程题</Filter>
    </ClCompile>
    <ClCompile Include="有序列表中插入一个节点.cpp">
      <Filter>源文件\各大公司在线笔试题目\腾讯微信后台电话面试编程题</Filter>
    </ClCompile>
    <ClCompile Include="判断整数是否是对称数.cpp">
      <Filter>源文件\各大公司在线笔试题目\腾讯微信后台电话面试编程题</Filter>
    </ClCompile>
    <ClCompile Include="推荐系统的打散策略.cpp">
      <Filter>源文件\各大公司在线笔试题目\腾讯微信后台电话面试编程题</Filter>
    </ClCompile>
    <ClCompile Include="可能问到的智力题.cpp">
      <Filter>源文件\各大公司在线笔试题目\腾讯微信后台电话面试编程题</Filter>
    </ClCompile>
    <ClCompile Include="字符串距离.cpp">
      <Filter>源文件\各大公司在线笔试题目\美团2018春招实习生在线笔试编程题</Filter>
    </ClCompile>
    <ClCompile Include="数字字符.cpp">
      <Filter>源文件\各大公司在线笔试题目\美团2018春招实习生在线笔试编程题</Filter>
    </ClCompile>
    <ClCompile Include="拼凑零钱.cpp">
      <Filter>源文件\各大公司在线笔试题目\腾讯2017校招开发工程师笔试试卷二</Filter>
    </ClCompile>
    <ClCompile Include="差值为K的数字对个数.cpp">
      <Filter>源文件\各大公司在线笔试题目\今日头条2018春季校园招聘研发岗位笔试</Filter>
    </ClCompile>
    <ClCompile Include="书写666.cpp">
      <Filter>源文件\各大公司在线笔试题目\今日头条2018春季校园招聘研发岗位笔试</Filter>
    </ClCompile>
    <ClCompile Include="题目2.cpp">
      <Filter>源文件\各大公司在线笔试题目\今日头条2018春季校园招聘研发岗位笔试</Filter>
    </ClCompile>
    <ClCompile Include="牛牛的闹钟.cpp">
      <Filter>源文件\各大公司在线笔试题目\网易2018春招笔试编程题</Filter>
    </ClCompile>
    <ClCompile Include="矩形重叠.cpp">
      <Filter>源文件\各大公司在线笔试题目\网易2018春招笔试编程题</Filter>
    </ClCompile>
    <ClCompile Include="牛牛的背包问题.cpp">
      <Filter>源文件\各大公司在线笔试题目\网易2018春招笔试编程题</Filter>
    </ClCompile>
    <ClCompile Include="On实现逆序对.cpp">
      <Filter>源文件\各大公司在线笔试题目\腾讯2017暑期实习生编程题</Filter>
    </ClCompile>
    <ClCompile Include="按规则输出字符.cpp">
      <Filter>源文件\各大公司在线笔试题目\腾讯2017暑期实习生编程题</Filter>
    </ClCompile>
    <ClCompile Include="树的路径中结点值乘积的最大值.cpp">
      <Filter>源文件\各大公司在线笔试题目\微软2018年预科生计划在线编程笔试</Filter>
    </ClCompile>
    <ClCompile Include="题目4.cpp">
      <Filter>源文件\各大公司在线笔试题目\今日头条2018春季校园招聘研发岗位笔试</Filter>
    </ClCompile>
    <ClCompile Include="题目5.cpp">
      <Filter>源文件\各大公司在线笔试题目\今日头条2018春季校园招聘研发岗位笔试</Filter>
    </ClCompile>
    <ClCompile Include="第一题-二进制输出多少个位置不一样.cpp">
      <Filter>源文件\各大公司在线笔试题目\吉比特2018春招技术类笔试试卷编程题</Filter>
    </ClCompile>
    <ClCompile Include="第二题-判断最多多少个空间点在同一条直线上.cpp">
      <Filter>源文件\各大公司在线笔试题目\吉比特2018春招技术类笔试试卷编程题</Filter>
    </ClCompile>
    <ClCompile Include="题目1-最小整除整数.cpp">
      <Filter>源文件\各大公司在线笔试题目\京东2019春招C++工程师笔试题</Filter>
    </ClCompile>
    <ClCompile Include="题目2-编程回文串方案数.cpp">
      <Filter>源文件\各大公司在线笔试题目\京东2019春招C++工程师笔试题</Filter>
    </ClCompile>
    <ClCompile Include="题目3-马走日字形.cpp">
      <Filter>源文件\各大公司在线笔试题目\京东2019春招C++工程师笔试题</Filter>
    </ClCompile>
    <ClCompile Include="反转后半段链表.cpp">
      <Filter>源文件\各大公司在线笔试题目\亚马逊中国软件开发工程师</Filter>
    </ClCompile>
    <ClCompile Include="简单链表复制.cpp">
      <Filter>源文件\各大公司在线笔试题目\京东2018实习生招聘面试编程题</Filter>
    </ClCompile>
    <ClCompile Include="阿里巴巴2019实习生招聘算法工程师-图像图形编程测验.cpp">
      <Filter>源文件\各大公司在线笔试题目</Filter>
    </ClCompile>
    <ClCompile Include="一维中值滤波.cpp">
      <Filter>源文件\各大公司在线笔试题目\大疆创新2015年校园招聘笔试题目</Filter>
    </ClCompile>
    <ClCompile Include="二维中值滤波.cpp">
      <Filter>源文件\各大公司在线笔试题目\大疆创新2015年校园招聘笔试题目</Filter>
    </ClCompile>
    <ClCompile Include="题目1-找出外星人.cpp">
      <Filter>源文件\各大公司在线笔试题目\百度2018秋季校招Java在线笔试</Filter>
    </ClCompile>
    <ClCompile Include="题目2-买书评分最高.cpp">
      <Filter>源文件\各大公司在线笔试题目\百度2018秋季校招Java在线笔试</Filter>
    </ClCompile>
    <ClCompile Include="题目3-绘制不同直线条数.cpp">
      <Filter>源文件\各大公司在线笔试题目\百度2018秋季校招Java在线笔试</Filter>
    </ClCompile>
    <ClCompile Include="题目一-node_buff.cpp">
      <Filter>源文件\各大公司在线笔试题目\大华软件挑战创新大赛模拟题</Filter>
    </ClCompile>
    <ClCompile Include="题目二-handle_data_func.cpp">
      <Filter>源文件\各大公司在线笔试题目\大华软件挑战创新大赛模拟题</Filter>
    </ClCompile>
    <ClCompile Include="题目三-相加相等的数.cpp">
      <Filter>源文件\各大公司在线笔试题目\大华软件挑战创新大赛模拟题</Filter>
    </ClCompile>
    <ClCompile Include="题目四-股票操盘.cpp">
      <Filter>源文件\各大公司在线笔试题目\大华软件挑战创新大赛模拟题</Filter>
    </ClCompile>
    <ClCompile Include="题目一-不相邻元素的子序列的和的最大值.cpp">
      <Filter>源文件\各大公司在线笔试题目\大华软件挑战创新大赛初赛题目</Filter>
    </ClCompile>
    <ClCompile Include="题目二-依次K反转链表.cpp">
      <Filter>源文件\各大公司在线笔试题目\大华软件挑战创新大赛初赛题目</Filter>
    </ClCompile>
    <ClCompile Include="题目三-字符串编码.cpp">
      <Filter>源文件\各大公司在线笔试题目\大华软件挑战创新大赛初赛题目</Filter>
    </ClCompile>
    <ClCompile Include="题目四-字符串出现次数.cpp">
      <Filter>源文件\各大公司在线笔试题目\大华软件挑战创新大赛初赛题目</Filter>
    </ClCompile>
    <ClCompile Include="题目七-最长不重复子串.cpp">
      <Filter>源文件\各大公司在线笔试题目\大华软件挑战创新大赛初赛题目</Filter>
    </ClCompile>
    <ClCompile Include="题目八-神奇数字.cpp">
      <Filter>源文件\各大公司在线笔试题目\大华软件挑战创新大赛初赛题目</Filter>
    </ClCompile>
    <ClCompile Include="题目五-吃金币游戏.cpp">
      <Filter>源文件\各大公司在线笔试题目\大华软件挑战创新大赛初赛题目</Filter>
    </ClCompile>
    <ClCompile Include="题目十-打印二叉树右边节点值.cpp">
      <Filter>源文件\各大公司在线笔试题目\大华软件挑战创新大赛初赛题目</Filter>
    </ClCompile>
    <ClCompile Include="题目九-大富翁游戏.cpp">
      <Filter>源文件\各大公司在线笔试题目\大华软件挑战创新大赛初赛题目</Filter>
    </ClCompile>
    <ClCompile Include="题目六-视频编码.cpp">
      <Filter>源文件\各大公司在线笔试题目\大华软件挑战创新大赛初赛题目</Filter>
    </ClCompile>
    <ClCompile Include="2018大华软件创新挑战赛全国复赛.cpp">
      <Filter>源文件\各大公司在线笔试题目\大华软件挑战创新大赛初赛题目</Filter>
    </ClCompile>
    <ClCompile Include="题目1-八卦阵最大值与最小值.cpp">
      <Filter>源文件\各大公司在线笔试题目\阿里巴巴2018实习生招聘算法工程师在线笔试题</Filter>
    </ClCompile>
    <ClCompile Include="题目二-路径最多数.cpp">
      <Filter>源文件\各大公司在线笔试题目\阿里巴巴2018实习生招聘算法工程师在线笔试题</Filter>
    </ClCompile>
  </ItemGroup>
</Project>