<?xml version="1.0" encoding="utf-8"?>
<Project ToolsVersion="4.0" xmlns="http://schemas.microsoft.com/developer/msbuild/2003">
  <ItemGroup>
    <Filter Include="源文件">
      <UniqueIdentifier>{4FC737F1-C7A5-4376-A066-2A32D752A2FF}</UniqueIdentifier>
      <Extensions>cpp;c;cc;cxx;def;odl;idl;hpj;bat;asm;asmx</Extensions>
    </Filter>
    <Filter Include="头文件">
      <UniqueIdentifier>{93995380-89BD-4b04-88EB-625FBE52EBFB}</UniqueIdentifier>
      <Extensions>h;hh;hpp;hxx;hm;inl;inc;xsd</Extensions>
    </Filter>
    <Filter Include="资源文件">
      <UniqueIdentifier>{67DA6AB6-F800-4c08-8B7A-83BB121AAD01}</UniqueIdentifier>
      <Extensions>rc;ico;cur;bmp;dlg;rc2;rct;bin;rgs;gif;jpg;jpeg;jpe;resx;tiff;tif;png;wav;mfcribbon-ms</Extensions>
    </Filter>
    <Filter Include="源文件\LM算法">
      <UniqueIdentifier>{d14a87e2-9cdb-4953-8774-87a8e503b05b}</UniqueIdentifier>
    </Filter>
    <Filter Include="源文件\levmar-2.6">
      <UniqueIdentifier>{833bc89d-d530-4e53-8975-a7da94040fea}</UniqueIdentifier>
    </Filter>
  </ItemGroup>
  <ItemGroup>
    <ClCompile Include="least Square Sum.cpp">
      <Filter>源文件</Filter>
    </ClCompile>
    <ClCompile Include="高斯牛顿算法.cpp">
      <Filter>源文件</Filter>
    </ClCompile>
    <ClCompile Include="levmarq.cpp">
      <Filter>源文件\LM算法</Filter>
    </ClCompile>
    <ClCompile Include="levmar-2.6\Axb.c">
      <Filter>源文件\levmar-2.6</Filter>
    </ClCompile>
    <ClCompile Include="levmar-2.6\Axb_core.c">
      <Filter>源文件\levmar-2.6</Filter>
    </ClCompile>
    <ClCompile Include="levmar-2.6\expfit.c">
      <Filter>源文件\levmar-2.6</Filter>
    </ClCompile>
    <ClCompile Include="levmar-2.6\lm.c">
      <Filter>源文件\levmar-2.6</Filter>
    </ClCompile>
    <ClCompile Include="levmar-2.6\lm_core.c">
      <Filter>源文件\levmar-2.6</Filter>
    </ClCompile>
    <ClCompile Include="levmar-2.6\lmbc.c">
      <Filter>源文件\levmar-2.6</Filter>
    </ClCompile>
    <ClCompile Include="levmar-2.6\lmbc_core.c">
      <Filter>源文件\levmar-2.6</Filter>
    </ClCompile>
    <ClCompile Include="levmar-2.6\lmblec.c">
      <Filter>源文件\levmar-2.6</Filter>
    </ClCompile>
    <ClCompile Include="levmar-2.6\lmblec_core.c">
      <Filter>源文件\levmar-2.6</Filter>
    </ClCompile>
    <ClCompile Include="levmar-2.6\lmbleic.c">
      <Filter>源文件\levmar-2.6</Filter>
    </ClCompile>
    <ClCompile Include="levmar-2.6\lmbleic_core.c">
      <Filter>源文件\levmar-2.6</Filter>
    </ClCompile>
    <ClCompile Include="levmar-2.6\lmdemo.c">
      <Filter>源文件\levmar-2.6</Filter>
    </ClCompile>
    <ClCompile Include="levmar-2.6\lmlec.c">
      <Filter>源文件\levmar-2.6</Filter>
    </ClCompile>
    <ClCompile Include="levmar-2.6\lmlec_core.c">
      <Filter>源文件\levmar-2.6</Filter>
    </ClCompile>
    <ClCompile Include="levmar-2.6\misc.c">
      <Filter>源文件\levmar-2.6</Filter>
    </ClCompile>
    <ClCompile Include="levmar-2.6\misc_core.c">
      <Filter>源文件\levmar-2.6</Filter>
    </ClCompile>
    <ClCompile Include="非线性方程求根的实现.cpp">
      <Filter>源文件</Filter>
    </ClCompile>
    <ClCompile Include="线性方程求解.cpp">
      <Filter>源文件</Filter>
    </ClCompile>
  </ItemGroup>
  <ItemGroup>
    <ClInclude Include="levmarq.h">
      <Filter>源文件\LM算法</Filter>
    </ClInclude>
    <ClInclude Include="levmar-2.6\compiler.h">
      <Filter>源文件\levmar-2.6</Filter>
    </ClInclude>
    <ClInclude Include="levmar-2.6\levmar.h">
      <Filter>源文件\levmar-2.6</Filter>
    </ClInclude>
    <ClInclude Include="levmar-2.6\lm.h">
      <Filter>源文件\levmar-2.6</Filter>
    </ClInclude>
    <ClInclude Include="levmar-2.6\misc.h">
      <Filter>源文件\levmar-2.6</Filter>
    </ClInclude>
  </ItemGroup>
</Project>