<?xml version="1.0" encoding="utf-8"?>
<Project ToolsVersion="4.0" xmlns="http://schemas.microsoft.com/developer/msbuild/2003">
  <ItemGroup>
    <Filter Include="源文件">
      <UniqueIdentifier>{4FC737F1-C7A5-4376-A066-2A32D752A2FF}</UniqueIdentifier>
      <Extensions>cpp;c;cc;cxx;def;odl;idl;hpj;bat;asm;asmx</Extensions>
    </Filter>
    <Filter Include="头文件">
      <UniqueIdentifier>{93995380-89BD-4b04-88EB-625FBE52EBFB}</UniqueIdentifier>
      <Extensions>h;hh;hpp;hxx;hm;inl;inc;xsd</Extensions>
    </Filter>
    <Filter Include="资源文件">
      <UniqueIdentifier>{67DA6AB6-F800-4c08-8B7A-83BB121AAD01}</UniqueIdentifier>
      <Extensions>rc;ico;cur;bmp;dlg;rc2;rct;bin;rgs;gif;jpg;jpeg;jpe;resx;tiff;tif;png;wav;mfcribbon-ms</Extensions>
    </Filter>
    <Filter Include="源文件\C++11">
      <UniqueIdentifier>{31823ef9-4291-4dc8-ac27-28bb8a999ae0}</UniqueIdentifier>
    </Filter>
    <Filter Include="源文件\C++ STL">
      <UniqueIdentifier>{1c26ef6c-ae4c-473c-8010-b644ee80cf7e}</UniqueIdentifier>
    </Filter>
    <Filter Include="源文件\C++ 内存管理">
      <UniqueIdentifier>{5b001974-5b58-435e-8a4c-d84b279001dd}</UniqueIdentifier>
    </Filter>
    <Filter Include="源文件\GUN 4.8">
      <UniqueIdentifier>{b86a0cfe-6604-4b96-9a5d-d86c135c998d}</UniqueIdentifier>
    </Filter>
  </ItemGroup>
  <ItemGroup>
    <ClInclude Include="type_traits.h">
      <Filter>源文件\C++ STL</Filter>
    </ClInclude>
    <ClInclude Include="stl_vector.h">
      <Filter>源文件\C++ STL</Filter>
    </ClInclude>
    <ClInclude Include="stl_uninitialized.h">
      <Filter>源文件\C++ STL</Filter>
    </ClInclude>
    <ClInclude Include="stl_tree.h">
      <Filter>源文件\C++ STL</Filter>
    </ClInclude>
    <ClInclude Include="stl_stack.h">
      <Filter>源文件\C++ STL</Filter>
    </ClInclude>
    <ClInclude Include="stl_slist.h">
      <Filter>源文件\C++ STL</Filter>
    </ClInclude>
    <ClInclude Include="stl_set.h">
      <Filter>源文件\C++ STL</Filter>
    </ClInclude>
    <ClInclude Include="stl_relops.h">
      <Filter>源文件\C++ STL</Filter>
    </ClInclude>
    <ClInclude Include="stl_queue.h">
      <Filter>源文件\C++ STL</Filter>
    </ClInclude>
    <ClInclude Include="stl_pair.h">
      <Filter>源文件\C++ STL</Filter>
    </ClInclude>
    <ClInclude Include="stl_multiset.h">
      <Filter>源文件\C++ STL</Filter>
    </ClInclude>
    <ClInclude Include="stl_multimap.h">
      <Filter>源文件\C++ STL</Filter>
    </ClInclude>
    <ClInclude Include="stl_map.h">
      <Filter>源文件\C++ STL</Filter>
    </ClInclude>
    <ClInclude Include="stl_list.h">
      <Filter>源文件\C++ STL</Filter>
    </ClInclude>
    <ClInclude Include="stl_iterator.h">
      <Filter>源文件\C++ STL</Filter>
    </ClInclude>
    <ClInclude Include="stl_heap.h">
      <Filter>源文件\C++ STL</Filter>
    </ClInclude>
    <ClInclude Include="stl_hashtable.h">
      <Filter>源文件\C++ STL</Filter>
    </ClInclude>
    <ClInclude Include="stl_hash_set.h">
      <Filter>源文件\C++ STL</Filter>
    </ClInclude>
    <ClInclude Include="stl_hash_map.h">
      <Filter>源文件\C++ STL</Filter>
    </ClInclude>
    <ClInclude Include="stl_deque.h">
      <Filter>源文件\C++ STL</Filter>
    </ClInclude>
    <ClInclude Include="stl_construct.h">
      <Filter>源文件\C++ STL</Filter>
    </ClInclude>
    <ClInclude Include="stl_config.h">
      <Filter>源文件\C++ STL</Filter>
    </ClInclude>
    <ClInclude Include="stl_alloc.h">
      <Filter>源文件\C++ STL</Filter>
    </ClInclude>
    <ClInclude Include="stl_algo.h">
      <Filter>源文件\C++ STL</Filter>
    </ClInclude>
    <ClInclude Include="stl.algobase.h">
      <Filter>源文件\C++ STL</Filter>
    </ClInclude>
    <ClInclude Include="defalloc.h">
      <Filter>源文件\C++ STL</Filter>
    </ClInclude>
    <ClInclude Include="GUN 4.8\complex.h">
      <Filter>源文件\GUN 4.8</Filter>
    </ClInclude>
    <ClInclude Include="GUN 4.8\cxxabi.h">
      <Filter>源文件\GUN 4.8</Filter>
    </ClInclude>
    <ClInclude Include="GUN 4.8\fenv.h">
      <Filter>源文件\GUN 4.8</Filter>
    </ClInclude>
    <ClInclude Include="GUN 4.8\tgmath.h">
      <Filter>源文件\GUN 4.8</Filter>
    </ClInclude>
    <ClInclude Include="GUN 4.8\backward\auto_ptr.h">
      <Filter>源文件\GUN 4.8</Filter>
    </ClInclude>
    <ClInclude Include="GUN 4.8\backward\backward_warning.h">
      <Filter>源文件\GUN 4.8</Filter>
    </ClInclude>
    <ClInclude Include="GUN 4.8\backward\binders.h">
      <Filter>源文件\GUN 4.8</Filter>
    </ClInclude>
    <ClInclude Include="GUN 4.8\backward\hash_fun.h">
      <Filter>源文件\GUN 4.8</Filter>
    </ClInclude>
    <ClInclude Include="GUN 4.8\backward\hashtable.h">
      <Filter>源文件\GUN 4.8</Filter>
    </ClInclude>
    <ClInclude Include="GUN 4.8\bits\algorithmfwd.h">
      <Filter>源文件\GUN 4.8</Filter>
    </ClInclude>
    <ClInclude Include="GUN 4.8\bits\alloc_traits.h">
      <Filter>源文件\GUN 4.8</Filter>
    </ClInclude>
    <ClInclude Include="GUN 4.8\bits\allocator.h">
      <Filter>源文件\GUN 4.8</Filter>
    </ClInclude>
    <ClInclude Include="GUN 4.8\bits\atomic_base.h">
      <Filter>源文件\GUN 4.8</Filter>
    </ClInclude>
    <ClInclude Include="GUN 4.8\bits\atomic_lockfree_defines.h">
      <Filter>源文件\GUN 4.8</Filter>
    </ClInclude>
    <ClInclude Include="GUN 4.8\bits\basic_ios.h">
      <Filter>源文件\GUN 4.8</Filter>
    </ClInclude>
    <ClInclude Include="GUN 4.8\bits\basic_string.h">
      <Filter>源文件\GUN 4.8</Filter>
    </ClInclude>
    <ClInclude Include="GUN 4.8\bits\boost_concept_check.h">
      <Filter>源文件\GUN 4.8</Filter>
    </ClInclude>
    <ClInclude Include="GUN 4.8\bits\c++0x_warning.h">
      <Filter>源文件\GUN 4.8</Filter>
    </ClInclude>
    <ClInclude Include="GUN 4.8\bits\char_traits.h">
      <Filter>源文件\GUN 4.8</Filter>
    </ClInclude>
    <ClInclude Include="GUN 4.8\bits\codecvt.h">
      <Filter>源文件\GUN 4.8</Filter>
    </ClInclude>
    <ClInclude Include="GUN 4.8\bits\concept_check.h">
      <Filter>源文件\GUN 4.8</Filter>
    </ClInclude>
    <ClInclude Include="GUN 4.8\bits\cpp_type_traits.h">
      <Filter>源文件\GUN 4.8</Filter>
    </ClInclude>
    <ClInclude Include="GUN 4.8\bits\cxxabi_forced.h">
      <Filter>源文件\GUN 4.8</Filter>
    </ClInclude>
    <ClInclude Include="GUN 4.8\bits\exception_defines.h">
      <Filter>源文件\GUN 4.8</Filter>
    </ClInclude>
    <ClInclude Include="GUN 4.8\bits\exception_ptr.h">
      <Filter>源文件\GUN 4.8</Filter>
    </ClInclude>
    <ClInclude Include="GUN 4.8\bits\forward_list.h">
      <Filter>源文件\GUN 4.8</Filter>
    </ClInclude>
    <ClInclude Include="GUN 4.8\bits\functexcept.h">
      <Filter>源文件\GUN 4.8</Filter>
    </ClInclude>
    <ClInclude Include="GUN 4.8\bits\functional_hash.h">
      <Filter>源文件\GUN 4.8</Filter>
    </ClInclude>
    <ClInclude Include="GUN 4.8\bits\gslice.h">
      <Filter>源文件\GUN 4.8</Filter>
    </ClInclude>
    <ClInclude Include="GUN 4.8\bits\gslice_array.h">
      <Filter>源文件\GUN 4.8</Filter>
    </ClInclude>
    <ClInclude Include="GUN 4.8\bits\hash_bytes.h">
      <Filter>源文件\GUN 4.8</Filter>
    </ClInclude>
    <ClInclude Include="GUN 4.8\bits\hashtable.h">
      <Filter>源文件\GUN 4.8</Filter>
    </ClInclude>
    <ClInclude Include="GUN 4.8\bits\hashtable_policy.h">
      <Filter>源文件\GUN 4.8</Filter>
    </ClInclude>
    <ClInclude Include="GUN 4.8\bits\indirect_array.h">
      <Filter>源文件\GUN 4.8</Filter>
    </ClInclude>
    <ClInclude Include="GUN 4.8\bits\ios_base.h">
      <Filter>源文件\GUN 4.8</Filter>
    </ClInclude>
    <ClInclude Include="GUN 4.8\bits\locale_classes.h">
      <Filter>源文件\GUN 4.8</Filter>
    </ClInclude>
    <ClInclude Include="GUN 4.8\bits\locale_facets.h">
      <Filter>源文件\GUN 4.8</Filter>
    </ClInclude>
    <ClInclude Include="GUN 4.8\bits\locale_facets_nonio.h">
      <Filter>源文件\GUN 4.8</Filter>
    </ClInclude>
    <ClInclude Include="GUN 4.8\bits\localefwd.h">
      <Filter>源文件\GUN 4.8</Filter>
    </ClInclude>
    <ClInclude Include="GUN 4.8\bits\mask_array.h">
      <Filter>源文件\GUN 4.8</Filter>
    </ClInclude>
    <ClInclude Include="GUN 4.8\bits\memoryfwd.h">
      <Filter>源文件\GUN 4.8</Filter>
    </ClInclude>
    <ClInclude Include="GUN 4.8\bits\move.h">
      <Filter>源文件\GUN 4.8</Filter>
    </ClInclude>
    <ClInclude Include="GUN 4.8\bits\nested_exception.h">
      <Filter>源文件\GUN 4.8</Filter>
    </ClInclude>
    <ClInclude Include="GUN 4.8\bits\ostream_insert.h">
      <Filter>源文件\GUN 4.8</Filter>
    </ClInclude>
    <ClInclude Include="GUN 4.8\bits\postypes.h">
      <Filter>源文件\GUN 4.8</Filter>
    </ClInclude>
    <ClInclude Include="GUN 4.8\bits\ptr_traits.h">
      <Filter>源文件\GUN 4.8</Filter>
    </ClInclude>
    <ClInclude Include="GUN 4.8\bits\random.h">
      <Filter>源文件\GUN 4.8</Filter>
    </ClInclude>
    <ClInclude Include="GUN 4.8\bits\range_access.h">
      <Filter>源文件\GUN 4.8</Filter>
    </ClInclude>
    <ClInclude Include="GUN 4.8\bits\regex.h">
      <Filter>源文件\GUN 4.8</Filter>
    </ClInclude>
    <ClInclude Include="GUN 4.8\bits\regex_compiler.h">
      <Filter>源文件\GUN 4.8</Filter>
    </ClInclude>
    <ClInclude Include="GUN 4.8\bits\regex_constants.h">
      <Filter>源文件\GUN 4.8</Filter>
    </ClInclude>
    <ClInclude Include="GUN 4.8\bits\regex_cursor.h">
      <Filter>源文件\GUN 4.8</Filter>
    </ClInclude>
    <ClInclude Include="GUN 4.8\bits\regex_error.h">
      <Filter>源文件\GUN 4.8</Filter>
    </ClInclude>
    <ClInclude Include="GUN 4.8\bits\regex_grep_matcher.h">
      <Filter>源文件\GUN 4.8</Filter>
    </ClInclude>
    <ClInclude Include="GUN 4.8\bits\regex_nfa.h">
      <Filter>源文件\GUN 4.8</Filter>
    </ClInclude>
    <ClInclude Include="GUN 4.8\bits\shared_ptr.h">
      <Filter>源文件\GUN 4.8</Filter>
    </ClInclude>
    <ClInclude Include="GUN 4.8\bits\shared_ptr_base.h">
      <Filter>源文件\GUN 4.8</Filter>
    </ClInclude>
    <ClInclude Include="GUN 4.8\bits\slice_array.h">
      <Filter>源文件\GUN 4.8</Filter>
    </ClInclude>
    <ClInclude Include="GUN 4.8\bits\stl_algo.h">
      <Filter>源文件\GUN 4.8</Filter>
    </ClInclude>
    <ClInclude Include="GUN 4.8\bits\stl_algobase.h">
      <Filter>源文件\GUN 4.8</Filter>
    </ClInclude>
    <ClInclude Include="GUN 4.8\bits\stl_bvector.h">
      <Filter>源文件\GUN 4.8</Filter>
    </ClInclude>
    <ClInclude Include="GUN 4.8\bits\stl_construct.h">
      <Filter>源文件\GUN 4.8</Filter>
    </ClInclude>
    <ClInclude Include="GUN 4.8\bits\stl_deque.h">
      <Filter>源文件\GUN 4.8</Filter>
    </ClInclude>
    <ClInclude Include="GUN 4.8\bits\stl_function.h">
      <Filter>源文件\GUN 4.8</Filter>
    </ClInclude>
    <ClInclude Include="GUN 4.8\bits\stl_heap.h">
      <Filter>源文件\GUN 4.8</Filter>
    </ClInclude>
    <ClInclude Include="GUN 4.8\bits\stl_iterator.h">
      <Filter>源文件\GUN 4.8</Filter>
    </ClInclude>
    <ClInclude Include="GUN 4.8\bits\stl_iterator_base_funcs.h">
      <Filter>源文件\GUN 4.8</Filter>
    </ClInclude>
    <ClInclude Include="GUN 4.8\bits\stl_iterator_base_types.h">
      <Filter>源文件\GUN 4.8</Filter>
    </ClInclude>
    <ClInclude Include="GUN 4.8\bits\stl_list.h">
      <Filter>源文件\GUN 4.8</Filter>
    </ClInclude>
    <ClInclude Include="GUN 4.8\bits\stl_map.h">
      <Filter>源文件\GUN 4.8</Filter>
    </ClInclude>
    <ClInclude Include="GUN 4.8\bits\stl_multimap.h">
      <Filter>源文件\GUN 4.8</Filter>
    </ClInclude>
    <ClInclude Include="GUN 4.8\bits\stl_multiset.h">
      <Filter>源文件\GUN 4.8</Filter>
    </ClInclude>
    <ClInclude Include="GUN 4.8\bits\stl_numeric.h">
      <Filter>源文件\GUN 4.8</Filter>
    </ClInclude>
    <ClInclude Include="GUN 4.8\bits\stl_pair.h">
      <Filter>源文件\GUN 4.8</Filter>
    </ClInclude>
    <ClInclude Include="GUN 4.8\bits\stl_queue.h">
      <Filter>源文件\GUN 4.8</Filter>
    </ClInclude>
    <ClInclude Include="GUN 4.8\bits\stl_raw_storage_iter.h">
      <Filter>源文件\GUN 4.8</Filter>
    </ClInclude>
    <ClInclude Include="GUN 4.8\bits\stl_relops.h">
      <Filter>源文件\GUN 4.8</Filter>
    </ClInclude>
    <ClInclude Include="GUN 4.8\bits\stl_set.h">
      <Filter>源文件\GUN 4.8</Filter>
    </ClInclude>
    <ClInclude Include="GUN 4.8\bits\stl_stack.h">
      <Filter>源文件\GUN 4.8</Filter>
    </ClInclude>
    <ClInclude Include="GUN 4.8\bits\stl_tempbuf.h">
      <Filter>源文件\GUN 4.8</Filter>
    </ClInclude>
    <ClInclude Include="GUN 4.8\bits\stl_tree.h">
      <Filter>源文件\GUN 4.8</Filter>
    </ClInclude>
    <ClInclude Include="GUN 4.8\bits\stl_uninitialized.h">
      <Filter>源文件\GUN 4.8</Filter>
    </ClInclude>
    <ClInclude Include="GUN 4.8\bits\stl_vector.h">
      <Filter>源文件\GUN 4.8</Filter>
    </ClInclude>
    <ClInclude Include="GUN 4.8\bits\stream_iterator.h">
      <Filter>源文件\GUN 4.8</Filter>
    </ClInclude>
    <ClInclude Include="GUN 4.8\bits\streambuf_iterator.h">
      <Filter>源文件\GUN 4.8</Filter>
    </ClInclude>
    <ClInclude Include="GUN 4.8\bits\stringfwd.h">
      <Filter>源文件\GUN 4.8</Filter>
    </ClInclude>
    <ClInclude Include="GUN 4.8\bits\unique_ptr.h">
      <Filter>源文件\GUN 4.8</Filter>
    </ClInclude>
    <ClInclude Include="GUN 4.8\bits\unordered_map.h">
      <Filter>源文件\GUN 4.8</Filter>
    </ClInclude>
    <ClInclude Include="GUN 4.8\bits\unordered_set.h">
      <Filter>源文件\GUN 4.8</Filter>
    </ClInclude>
    <ClInclude Include="GUN 4.8\bits\uses_allocator.h">
      <Filter>源文件\GUN 4.8</Filter>
    </ClInclude>
    <ClInclude Include="GUN 4.8\bits\valarray_after.h">
      <Filter>源文件\GUN 4.8</Filter>
    </ClInclude>
    <ClInclude Include="GUN 4.8\bits\valarray_array.h">
      <Filter>源文件\GUN 4.8</Filter>
    </ClInclude>
    <ClInclude Include="GUN 4.8\bits\valarray_before.h">
      <Filter>源文件\GUN 4.8</Filter>
    </ClInclude>
    <ClInclude Include="GUN 4.8\debug\debug.h">
      <Filter>源文件\GUN 4.8</Filter>
    </ClInclude>
    <ClInclude Include="GUN 4.8\debug\formatter.h">
      <Filter>源文件\GUN 4.8</Filter>
    </ClInclude>
    <ClInclude Include="GUN 4.8\debug\functions.h">
      <Filter>源文件\GUN 4.8</Filter>
    </ClInclude>
    <ClInclude Include="GUN 4.8\debug\macros.h">
      <Filter>源文件\GUN 4.8</Filter>
    </ClInclude>
    <ClInclude Include="GUN 4.8\debug\map.h">
      <Filter>源文件\GUN 4.8</Filter>
    </ClInclude>
    <ClInclude Include="GUN 4.8\debug\multimap.h">
      <Filter>源文件\GUN 4.8</Filter>
    </ClInclude>
    <ClInclude Include="GUN 4.8\debug\multiset.h">
      <Filter>源文件\GUN 4.8</Filter>
    </ClInclude>
    <ClInclude Include="GUN 4.8\debug\safe_base.h">
      <Filter>源文件\GUN 4.8</Filter>
    </ClInclude>
    <ClInclude Include="GUN 4.8\debug\safe_iterator.h">
      <Filter>源文件\GUN 4.8</Filter>
    </ClInclude>
    <ClInclude Include="GUN 4.8\debug\safe_local_iterator.h">
      <Filter>源文件\GUN 4.8</Filter>
    </ClInclude>
    <ClInclude Include="GUN 4.8\debug\safe_sequence.h">
      <Filter>源文件\GUN 4.8</Filter>
    </ClInclude>
    <ClInclude Include="GUN 4.8\debug\safe_unordered_base.h">
      <Filter>源文件\GUN 4.8</Filter>
    </ClInclude>
    <ClInclude Include="GUN 4.8\debug\safe_unordered_container.h">
      <Filter>源文件\GUN 4.8</Filter>
    </ClInclude>
    <ClInclude Include="GUN 4.8\debug\set.h">
      <Filter>源文件\GUN 4.8</Filter>
    </ClInclude>
    <ClInclude Include="GUN 4.8\decimal\decimal.h">
      <Filter>源文件\GUN 4.8</Filter>
    </ClInclude>
    <ClInclude Include="GUN 4.8\ext\alloc_traits.h">
      <Filter>源文件\GUN 4.8</Filter>
    </ClInclude>
    <ClInclude Include="GUN 4.8\ext\array_allocator.h">
      <Filter>源文件\GUN 4.8</Filter>
    </ClInclude>
    <ClInclude Include="GUN 4.8\ext\atomicity.h">
      <Filter>源文件\GUN 4.8</Filter>
    </ClInclude>
    <ClInclude Include="GUN 4.8\ext\bitmap_allocator.h">
      <Filter>源文件\GUN 4.8</Filter>
    </ClInclude>
    <ClInclude Include="GUN 4.8\ext\cast.h">
      <Filter>源文件\GUN 4.8</Filter>
    </ClInclude>
    <ClInclude Include="GUN 4.8\ext\codecvt_specializations.h">
      <Filter>源文件\GUN 4.8</Filter>
    </ClInclude>
    <ClInclude Include="GUN 4.8\ext\concurrence.h">
      <Filter>源文件\GUN 4.8</Filter>
    </ClInclude>
    <ClInclude Include="GUN 4.8\ext\debug_allocator.h">
      <Filter>源文件\GUN 4.8</Filter>
    </ClInclude>
    <ClInclude Include="GUN 4.8\ext\enc_filebuf.h">
      <Filter>源文件\GUN 4.8</Filter>
    </ClInclude>
    <ClInclude Include="GUN 4.8\ext\extptr_allocator.h">
      <Filter>源文件\GUN 4.8</Filter>
    </ClInclude>
    <ClInclude Include="GUN 4.8\ext\malloc_allocator.h">
      <Filter>源文件\GUN 4.8</Filter>
    </ClInclude>
    <ClInclude Include="GUN 4.8\ext\mt_allocator.h">
      <Filter>源文件\GUN 4.8</Filter>
    </ClInclude>
    <ClInclude Include="GUN 4.8\ext\new_allocator.h">
      <Filter>源文件\GUN 4.8</Filter>
    </ClInclude>
    <ClInclude Include="GUN 4.8\ext\numeric_traits.h">
      <Filter>源文件\GUN 4.8</Filter>
    </ClInclude>
    <ClInclude Include="GUN 4.8\ext\pod_char_traits.h">
      <Filter>源文件\GUN 4.8</Filter>
    </ClInclude>
    <ClInclude Include="GUN 4.8\ext\pointer.h">
      <Filter>源文件\GUN 4.8</Filter>
    </ClInclude>
    <ClInclude Include="GUN 4.8\ext\pool_allocator.h">
      <Filter>源文件\GUN 4.8</Filter>
    </ClInclude>
    <ClInclude Include="GUN 4.8\ext\rc_string_base.h">
      <Filter>源文件\GUN 4.8</Filter>
    </ClInclude>
    <ClInclude Include="GUN 4.8\ext\ropeimpl.h">
      <Filter>源文件\GUN 4.8</Filter>
    </ClInclude>
    <ClInclude Include="GUN 4.8\ext\sso_string_base.h">
      <Filter>源文件\GUN 4.8</Filter>
    </ClInclude>
    <ClInclude Include="GUN 4.8\ext\stdio_filebuf.h">
      <Filter>源文件\GUN 4.8</Filter>
    </ClInclude>
    <ClInclude Include="GUN 4.8\ext\stdio_sync_filebuf.h">
      <Filter>源文件\GUN 4.8</Filter>
    </ClInclude>
    <ClInclude Include="GUN 4.8\ext\string_conversions.h">
      <Filter>源文件\GUN 4.8</Filter>
    </ClInclude>
    <ClInclude Include="GUN 4.8\ext\throw_allocator.h">
      <Filter>源文件\GUN 4.8</Filter>
    </ClInclude>
    <ClInclude Include="GUN 4.8\ext\type_traits.h">
      <Filter>源文件\GUN 4.8</Filter>
    </ClInclude>
    <ClInclude Include="GUN 4.8\ext\typelist.h">
      <Filter>源文件\GUN 4.8</Filter>
    </ClInclude>
    <ClInclude Include="GUN 4.8\ext\vstring.h">
      <Filter>源文件\GUN 4.8</Filter>
    </ClInclude>
    <ClInclude Include="GUN 4.8\ext\vstring_fwd.h">
      <Filter>源文件\GUN 4.8</Filter>
    </ClInclude>
    <ClInclude Include="GUN 4.8\ext\vstring_util.h">
      <Filter>源文件\GUN 4.8</Filter>
    </ClInclude>
    <ClInclude Include="GUN 4.8\parallel\algo.h">
      <Filter>源文件\GUN 4.8</Filter>
    </ClInclude>
    <ClInclude Include="GUN 4.8\parallel\algobase.h">
      <Filter>源文件\GUN 4.8</Filter>
    </ClInclude>
    <ClInclude Include="GUN 4.8\parallel\algorithmfwd.h">
      <Filter>源文件\GUN 4.8</Filter>
    </ClInclude>
    <ClInclude Include="GUN 4.8\parallel\balanced_quicksort.h">
      <Filter>源文件\GUN 4.8</Filter>
    </ClInclude>
    <ClInclude Include="GUN 4.8\parallel\base.h">
      <Filter>源文件\GUN 4.8</Filter>
    </ClInclude>
    <ClInclude Include="GUN 4.8\parallel\basic_iterator.h">
      <Filter>源文件\GUN 4.8</Filter>
    </ClInclude>
    <ClInclude Include="GUN 4.8\parallel\checkers.h">
      <Filter>源文件\GUN 4.8</Filter>
    </ClInclude>
    <ClInclude Include="GUN 4.8\parallel\compatibility.h">
      <Filter>源文件\GUN 4.8</Filter>
    </ClInclude>
    <ClInclude Include="GUN 4.8\parallel\compiletime_settings.h">
      <Filter>源文件\GUN 4.8</Filter>
    </ClInclude>
    <ClInclude Include="GUN 4.8\parallel\equally_split.h">
      <Filter>源文件\GUN 4.8</Filter>
    </ClInclude>
    <ClInclude Include="GUN 4.8\parallel\features.h">
      <Filter>源文件\GUN 4.8</Filter>
    </ClInclude>
    <ClInclude Include="GUN 4.8\parallel\find.h">
      <Filter>源文件\GUN 4.8</Filter>
    </ClInclude>
    <ClInclude Include="GUN 4.8\parallel\find_selectors.h">
      <Filter>源文件\GUN 4.8</Filter>
    </ClInclude>
    <ClInclude Include="GUN 4.8\parallel\for_each.h">
      <Filter>源文件\GUN 4.8</Filter>
    </ClInclude>
    <ClInclude Include="GUN 4.8\parallel\for_each_selectors.h">
      <Filter>源文件\GUN 4.8</Filter>
    </ClInclude>
    <ClInclude Include="GUN 4.8\parallel\iterator.h">
      <Filter>源文件\GUN 4.8</Filter>
    </ClInclude>
    <ClInclude Include="GUN 4.8\parallel\list_partition.h">
      <Filter>源文件\GUN 4.8</Filter>
    </ClInclude>
    <ClInclude Include="GUN 4.8\parallel\losertree.h">
      <Filter>源文件\GUN 4.8</Filter>
    </ClInclude>
    <ClInclude Include="GUN 4.8\parallel\merge.h">
      <Filter>源文件\GUN 4.8</Filter>
    </ClInclude>
    <ClInclude Include="GUN 4.8\parallel\multiseq_selection.h">
      <Filter>源文件\GUN 4.8</Filter>
    </ClInclude>
    <ClInclude Include="GUN 4.8\parallel\multiway_merge.h">
      <Filter>源文件\GUN 4.8</Filter>
    </ClInclude>
    <ClInclude Include="GUN 4.8\parallel\multiway_mergesort.h">
      <Filter>源文件\GUN 4.8</Filter>
    </ClInclude>
    <ClInclude Include="GUN 4.8\parallel\numericfwd.h">
      <Filter>源文件\GUN 4.8</Filter>
    </ClInclude>
    <ClInclude Include="GUN 4.8\parallel\omp_loop.h">
      <Filter>源文件\GUN 4.8</Filter>
    </ClInclude>
    <ClInclude Include="GUN 4.8\parallel\omp_loop_static.h">
      <Filter>源文件\GUN 4.8</Filter>
    </ClInclude>
    <ClInclude Include="GUN 4.8\parallel\par_loop.h">
      <Filter>源文件\GUN 4.8</Filter>
    </ClInclude>
    <ClInclude Include="GUN 4.8\parallel\parallel.h">
      <Filter>源文件\GUN 4.8</Filter>
    </ClInclude>
    <ClInclude Include="GUN 4.8\parallel\partial_sum.h">
      <Filter>源文件\GUN 4.8</Filter>
    </ClInclude>
    <ClInclude Include="GUN 4.8\parallel\partition.h">
      <Filter>源文件\GUN 4.8</Filter>
    </ClInclude>
    <ClInclude Include="GUN 4.8\parallel\queue.h">
      <Filter>源文件\GUN 4.8</Filter>
    </ClInclude>
    <ClInclude Include="GUN 4.8\parallel\quicksort.h">
      <Filter>源文件\GUN 4.8</Filter>
    </ClInclude>
    <ClInclude Include="GUN 4.8\parallel\random_number.h">
      <Filter>源文件\GUN 4.8</Filter>
    </ClInclude>
    <ClInclude Include="GUN 4.8\parallel\random_shuffle.h">
      <Filter>源文件\GUN 4.8</Filter>
    </ClInclude>
    <ClInclude Include="GUN 4.8\parallel\search.h">
      <Filter>源文件\GUN 4.8</Filter>
    </ClInclude>
    <ClInclude Include="GUN 4.8\parallel\set_operations.h">
      <Filter>源文件\GUN 4.8</Filter>
    </ClInclude>
    <ClInclude Include="GUN 4.8\parallel\settings.h">
      <Filter>源文件\GUN 4.8</Filter>
    </ClInclude>
    <ClInclude Include="GUN 4.8\parallel\sort.h">
      <Filter>源文件\GUN 4.8</Filter>
    </ClInclude>
    <ClInclude Include="GUN 4.8\parallel\tags.h">
      <Filter>源文件\GUN 4.8</Filter>
    </ClInclude>
    <ClInclude Include="GUN 4.8\parallel\types.h">
      <Filter>源文件\GUN 4.8</Filter>
    </ClInclude>
    <ClInclude Include="GUN 4.8\parallel\unique_copy.h">
      <Filter>源文件\GUN 4.8</Filter>
    </ClInclude>
    <ClInclude Include="GUN 4.8\parallel\workstealing.h">
      <Filter>源文件\GUN 4.8</Filter>
    </ClInclude>
    <ClInclude Include="GUN 4.8\profile\base.h">
      <Filter>源文件\GUN 4.8</Filter>
    </ClInclude>
    <ClInclude Include="GUN 4.8\profile\iterator_tracker.h">
      <Filter>源文件\GUN 4.8</Filter>
    </ClInclude>
    <ClInclude Include="GUN 4.8\profile\map.h">
      <Filter>源文件\GUN 4.8</Filter>
    </ClInclude>
    <ClInclude Include="GUN 4.8\profile\multimap.h">
      <Filter>源文件\GUN 4.8</Filter>
    </ClInclude>
    <ClInclude Include="GUN 4.8\profile\multiset.h">
      <Filter>源文件\GUN 4.8</Filter>
    </ClInclude>
    <ClInclude Include="GUN 4.8\profile\set.h">
      <Filter>源文件\GUN 4.8</Filter>
    </ClInclude>
    <ClInclude Include="GUN 4.8\profile\unordered_base.h">
      <Filter>源文件\GUN 4.8</Filter>
    </ClInclude>
  </ItemGroup>
  <ItemGroup>
    <ClCompile Include="sample.cpp">
      <Filter>源文件\C++11</Filter>
    </ClCompile>
    <ClCompile Include="move-aware.cpp">
      <Filter>源文件\C++11</Filter>
    </ClCompile>
    <ClCompile Include="template6-tuple.cpp">
      <Filter>源文件\C++11</Filter>
    </ClCompile>
    <ClCompile Include="template7-tup.cpp">
      <Filter>源文件\C++11</Filter>
    </ClCompile>
    <ClCompile Include="test1.cpp">
      <Filter>源文件\C++11</Filter>
    </ClCompile>
    <ClCompile Include="template4.cpp">
      <Filter>源文件\C++11</Filter>
    </ClCompile>
    <ClCompile Include="template3.cpp">
      <Filter>源文件\C++11</Filter>
    </ClCompile>
    <ClCompile Include="template2.cpp">
      <Filter>源文件\C++11</Filter>
    </ClCompile>
    <ClCompile Include="lambda.cpp">
      <Filter>源文件\C++11</Filter>
    </ClCompile>
    <ClCompile Include="alias.cpp">
      <Filter>源文件\C++11</Filter>
    </ClCompile>
    <ClCompile Include="initializer_list.cpp">
      <Filter>源文件\C++11</Filter>
    </ClCompile>
    <ClCompile Include="tuple.cpp">
      <Filter>源文件\C++11</Filter>
    </ClCompile>
    <ClCompile Include="print.cpp">
      <Filter>源文件\C++11</Filter>
    </ClCompile>
    <ClCompile Include="hashTable.cpp">
      <Filter>源文件\C++11</Filter>
    </ClCompile>
    <ClCompile Include="stl_vector.cpp">
      <Filter>源文件\C++ STL</Filter>
    </ClCompile>
    <ClCompile Include="memory.cpp">
      <Filter>源文件\C++ STL</Filter>
    </ClCompile>
    <ClCompile Include="Array new.cpp">
      <Filter>源文件\C++ 内存管理</Filter>
    </ClCompile>
    <ClCompile Include="newdelete expression.cpp">
      <Filter>源文件\C++ 内存管理</Filter>
    </ClCompile>
    <ClCompile Include="重载operator new 与operator delete-1.cpp">
      <Filter>源文件\C++ 内存管理</Filter>
    </ClCompile>
    <ClCompile Include="重载operator new 与operator delete-2.cpp">
      <Filter>源文件\C++ 内存管理</Filter>
    </ClCompile>
    <ClCompile Include="Per-class allocator 1.cpp">
      <Filter>源文件\C++ 内存管理</Filter>
    </ClCompile>
    <ClCompile Include="Per-class allocator 2.cpp">
      <Filter>源文件\C++ 内存管理</Filter>
    </ClCompile>
    <ClCompile Include="static allocator.cpp">
      <Filter>源文件\C++ 内存管理</Filter>
    </ClCompile>
    <ClCompile Include="emplace与insert区别.cpp">
      <Filter>源文件\C++11</Filter>
    </ClCompile>
    <ClCompile Include="function类使用.cpp">
      <Filter>源文件\C++11</Filter>
    </ClCompile>
    <ClCompile Include="..\C Programming Book\C++11 计算程序时间.cpp">
      <Filter>源文件\C++11</Filter>
    </ClCompile>
  </ItemGroup>
  <ItemGroup>
    <None Include="GUN 4.8\algorithm">
      <Filter>源文件\GUN 4.8</Filter>
    </None>
    <None Include="GUN 4.8\array">
      <Filter>源文件\GUN 4.8</Filter>
    </None>
    <None Include="GUN 4.8\atomic">
      <Filter>源文件\GUN 4.8</Filter>
    </None>
    <None Include="GUN 4.8\bitset">
      <Filter>源文件\GUN 4.8</Filter>
    </None>
    <None Include="GUN 4.8\cassert">
      <Filter>源文件\GUN 4.8</Filter>
    </None>
    <None Include="GUN 4.8\ccomplex">
      <Filter>源文件\GUN 4.8</Filter>
    </None>
    <None Include="GUN 4.8\cctype">
      <Filter>源文件\GUN 4.8</Filter>
    </None>
    <None Include="GUN 4.8\cerrno">
      <Filter>源文件\GUN 4.8</Filter>
    </None>
    <None Include="GUN 4.8\cfenv">
      <Filter>源文件\GUN 4.8</Filter>
    </None>
    <None Include="GUN 4.8\cfloat">
      <Filter>源文件\GUN 4.8</Filter>
    </None>
    <None Include="GUN 4.8\chrono">
      <Filter>源文件\GUN 4.8</Filter>
    </None>
    <None Include="GUN 4.8\cinttypes">
      <Filter>源文件\GUN 4.8</Filter>
    </None>
    <None Include="GUN 4.8\ciso646">
      <Filter>源文件\GUN 4.8</Filter>
    </None>
    <None Include="GUN 4.8\climits">
      <Filter>源文件\GUN 4.8</Filter>
    </None>
    <None Include="GUN 4.8\clocale">
      <Filter>源文件\GUN 4.8</Filter>
    </None>
    <None Include="GUN 4.8\cmath">
      <Filter>源文件\GUN 4.8</Filter>
    </None>
    <None Include="GUN 4.8\complex">
      <Filter>源文件\GUN 4.8</Filter>
    </None>
    <None Include="GUN 4.8\condition_variable">
      <Filter>源文件\GUN 4.8</Filter>
    </None>
    <None Include="GUN 4.8\csetjmp">
      <Filter>源文件\GUN 4.8</Filter>
    </None>
    <None Include="GUN 4.8\csignal">
      <Filter>源文件\GUN 4.8</Filter>
    </None>
    <None Include="GUN 4.8\cstdalign">
      <Filter>源文件\GUN 4.8</Filter>
    </None>
    <None Include="GUN 4.8\cstdarg">
      <Filter>源文件\GUN 4.8</Filter>
    </None>
    <None Include="GUN 4.8\cstdbool">
      <Filter>源文件\GUN 4.8</Filter>
    </None>
    <None Include="GUN 4.8\cstddef">
      <Filter>源文件\GUN 4.8</Filter>
    </None>
    <None Include="GUN 4.8\cstdint">
      <Filter>源文件\GUN 4.8</Filter>
    </None>
    <None Include="GUN 4.8\cstdio">
      <Filter>源文件\GUN 4.8</Filter>
    </None>
    <None Include="GUN 4.8\cstdlib">
      <Filter>源文件\GUN 4.8</Filter>
    </None>
    <None Include="GUN 4.8\cstring">
      <Filter>源文件\GUN 4.8</Filter>
    </None>
    <None Include="GUN 4.8\ctgmath">
      <Filter>源文件\GUN 4.8</Filter>
    </None>
    <None Include="GUN 4.8\ctime">
      <Filter>源文件\GUN 4.8</Filter>
    </None>
    <None Include="GUN 4.8\cwchar">
      <Filter>源文件\GUN 4.8</Filter>
    </None>
    <None Include="GUN 4.8\cwctype">
      <Filter>源文件\GUN 4.8</Filter>
    </None>
    <None Include="GUN 4.8\deque">
      <Filter>源文件\GUN 4.8</Filter>
    </None>
    <None Include="GUN 4.8\exception">
      <Filter>源文件\GUN 4.8</Filter>
    </None>
    <None Include="GUN 4.8\forward_list">
      <Filter>源文件\GUN 4.8</Filter>
    </None>
    <None Include="GUN 4.8\fstream">
      <Filter>源文件\GUN 4.8</Filter>
    </None>
    <None Include="GUN 4.8\functional">
      <Filter>源文件\GUN 4.8</Filter>
    </None>
    <None Include="GUN 4.8\future">
      <Filter>源文件\GUN 4.8</Filter>
    </None>
    <None Include="GUN 4.8\initializer_list">
      <Filter>源文件\GUN 4.8</Filter>
    </None>
    <None Include="GUN 4.8\iomanip">
      <Filter>源文件\GUN 4.8</Filter>
    </None>
    <None Include="GUN 4.8\ios">
      <Filter>源文件\GUN 4.8</Filter>
    </None>
    <None Include="GUN 4.8\iosfwd">
      <Filter>源文件\GUN 4.8</Filter>
    </None>
    <None Include="GUN 4.8\iostream">
      <Filter>源文件\GUN 4.8</Filter>
    </None>
    <None Include="GUN 4.8\istream">
      <Filter>源文件\GUN 4.8</Filter>
    </None>
    <None Include="GUN 4.8\iterator">
      <Filter>源文件\GUN 4.8</Filter>
    </None>
    <None Include="GUN 4.8\limits">
      <Filter>源文件\GUN 4.8</Filter>
    </None>
    <None Include="GUN 4.8\list">
      <Filter>源文件\GUN 4.8</Filter>
    </None>
    <None Include="GUN 4.8\locale">
      <Filter>源文件\GUN 4.8</Filter>
    </None>
    <None Include="GUN 4.8\map">
      <Filter>源文件\GUN 4.8</Filter>
    </None>
    <None Include="GUN 4.8\memory">
      <Filter>源文件\GUN 4.8</Filter>
    </None>
    <None Include="GUN 4.8\mutex">
      <Filter>源文件\GUN 4.8</Filter>
    </None>
    <None Include="GUN 4.8\new">
      <Filter>源文件\GUN 4.8</Filter>
    </None>
    <None Include="GUN 4.8\numeric">
      <Filter>源文件\GUN 4.8</Filter>
    </None>
    <None Include="GUN 4.8\ostream">
      <Filter>源文件\GUN 4.8</Filter>
    </None>
    <None Include="GUN 4.8\queue">
      <Filter>源文件\GUN 4.8</Filter>
    </None>
    <None Include="GUN 4.8\random">
      <Filter>源文件\GUN 4.8</Filter>
    </None>
    <None Include="GUN 4.8\ratio">
      <Filter>源文件\GUN 4.8</Filter>
    </None>
    <None Include="GUN 4.8\regex">
      <Filter>源文件\GUN 4.8</Filter>
    </None>
    <None Include="GUN 4.8\scoped_allocator">
      <Filter>源文件\GUN 4.8</Filter>
    </None>
    <None Include="GUN 4.8\set">
      <Filter>源文件\GUN 4.8</Filter>
    </None>
    <None Include="GUN 4.8\sstream">
      <Filter>源文件\GUN 4.8</Filter>
    </None>
    <None Include="GUN 4.8\stack">
      <Filter>源文件\GUN 4.8</Filter>
    </None>
    <None Include="GUN 4.8\stdexcept">
      <Filter>源文件\GUN 4.8</Filter>
    </None>
    <None Include="GUN 4.8\streambuf">
      <Filter>源文件\GUN 4.8</Filter>
    </None>
    <None Include="GUN 4.8\string">
      <Filter>源文件\GUN 4.8</Filter>
    </None>
    <None Include="GUN 4.8\system_error">
      <Filter>源文件\GUN 4.8</Filter>
    </None>
    <None Include="GUN 4.8\thread">
      <Filter>源文件\GUN 4.8</Filter>
    </None>
    <None Include="GUN 4.8\tuple">
      <Filter>源文件\GUN 4.8</Filter>
    </None>
    <None Include="GUN 4.8\type_traits">
      <Filter>源文件\GUN 4.8</Filter>
    </None>
    <None Include="GUN 4.8\typeindex">
      <Filter>源文件\GUN 4.8</Filter>
    </None>
    <None Include="GUN 4.8\typeinfo">
      <Filter>源文件\GUN 4.8</Filter>
    </None>
    <None Include="GUN 4.8\unordered_map">
      <Filter>源文件\GUN 4.8</Filter>
    </None>
    <None Include="GUN 4.8\unordered_set">
      <Filter>源文件\GUN 4.8</Filter>
    </None>
    <None Include="GUN 4.8\utility">
      <Filter>源文件\GUN 4.8</Filter>
    </None>
    <None Include="GUN 4.8\valarray">
      <Filter>源文件\GUN 4.8</Filter>
    </None>
    <None Include="GUN 4.8\vector">
      <Filter>源文件\GUN 4.8</Filter>
    </None>
    <None Include="GUN 4.8\backward\hash_map">
      <Filter>源文件\GUN 4.8</Filter>
    </None>
    <None Include="GUN 4.8\backward\hash_set">
      <Filter>源文件\GUN 4.8</Filter>
    </None>
    <None Include="GUN 4.8\backward\strstream">
      <Filter>源文件\GUN 4.8</Filter>
    </None>
    <None Include="GUN 4.8\bits\basic_ios.tcc">
      <Filter>源文件\GUN 4.8</Filter>
    </None>
    <None Include="GUN 4.8\bits\basic_string.tcc">
      <Filter>源文件\GUN 4.8</Filter>
    </None>
    <None Include="GUN 4.8\bits\deque.tcc">
      <Filter>源文件\GUN 4.8</Filter>
    </None>
    <None Include="GUN 4.8\bits\forward_list.tcc">
      <Filter>源文件\GUN 4.8</Filter>
    </None>
    <None Include="GUN 4.8\bits\fstream.tcc">
      <Filter>源文件\GUN 4.8</Filter>
    </None>
    <None Include="GUN 4.8\bits\istream.tcc">
      <Filter>源文件\GUN 4.8</Filter>
    </None>
    <None Include="GUN 4.8\bits\list.tcc">
      <Filter>源文件\GUN 4.8</Filter>
    </None>
    <None Include="GUN 4.8\bits\locale_classes.tcc">
      <Filter>源文件\GUN 4.8</Filter>
    </None>
    <None Include="GUN 4.8\bits\locale_facets.tcc">
      <Filter>源文件\GUN 4.8</Filter>
    </None>
    <None Include="GUN 4.8\bits\locale_facets_nonio.tcc">
      <Filter>源文件\GUN 4.8</Filter>
    </None>
    <None Include="GUN 4.8\bits\ostream.tcc">
      <Filter>源文件\GUN 4.8</Filter>
    </None>
    <None Include="GUN 4.8\bits\random.tcc">
      <Filter>源文件\GUN 4.8</Filter>
    </None>
    <None Include="GUN 4.8\bits\regex_grep_matcher.tcc">
      <Filter>源文件\GUN 4.8</Filter>
    </None>
    <None Include="GUN 4.8\bits\regex_nfa.tcc">
      <Filter>源文件\GUN 4.8</Filter>
    </None>
    <None Include="GUN 4.8\bits\sstream.tcc">
      <Filter>源文件\GUN 4.8</Filter>
    </None>
    <None Include="GUN 4.8\bits\streambuf.tcc">
      <Filter>源文件\GUN 4.8</Filter>
    </None>
    <None Include="GUN 4.8\bits\valarray_array.tcc">
      <Filter>源文件\GUN 4.8</Filter>
    </None>
    <None Include="GUN 4.8\bits\vector.tcc">
      <Filter>源文件\GUN 4.8</Filter>
    </None>
    <None Include="GUN 4.8\debug\array">
      <Filter>源文件\GUN 4.8</Filter>
    </None>
    <None Include="GUN 4.8\debug\bitset">
      <Filter>源文件\GUN 4.8</Filter>
    </None>
    <None Include="GUN 4.8\debug\deque">
      <Filter>源文件\GUN 4.8</Filter>
    </None>
    <None Include="GUN 4.8\debug\forward_list">
      <Filter>源文件\GUN 4.8</Filter>
    </None>
    <None Include="GUN 4.8\debug\list">
      <Filter>源文件\GUN 4.8</Filter>
    </None>
    <None Include="GUN 4.8\debug\map">
      <Filter>源文件\GUN 4.8</Filter>
    </None>
    <None Include="GUN 4.8\debug\safe_iterator.tcc">
      <Filter>源文件\GUN 4.8</Filter>
    </None>
    <None Include="GUN 4.8\debug\safe_local_iterator.tcc">
      <Filter>源文件\GUN 4.8</Filter>
    </None>
    <None Include="GUN 4.8\debug\safe_sequence.tcc">
      <Filter>源文件\GUN 4.8</Filter>
    </None>
    <None Include="GUN 4.8\debug\safe_unordered_container.tcc">
      <Filter>源文件\GUN 4.8</Filter>
    </None>
    <None Include="GUN 4.8\debug\set">
      <Filter>源文件\GUN 4.8</Filter>
    </None>
    <None Include="GUN 4.8\debug\string">
      <Filter>源文件\GUN 4.8</Filter>
    </None>
    <None Include="GUN 4.8\debug\unordered_map">
      <Filter>源文件\GUN 4.8</Filter>
    </None>
    <None Include="GUN 4.8\debug\unordered_set">
      <Filter>源文件\GUN 4.8</Filter>
    </None>
    <None Include="GUN 4.8\debug\vector">
      <Filter>源文件\GUN 4.8</Filter>
    </None>
    <None Include="GUN 4.8\decimal\decimal">
      <Filter>源文件\GUN 4.8</Filter>
    </None>
    <None Include="GUN 4.8\ext\algorithm">
      <Filter>源文件\GUN 4.8</Filter>
    </None>
    <None Include="GUN 4.8\ext\cmath">
      <Filter>源文件\GUN 4.8</Filter>
    </None>
    <None Include="GUN 4.8\ext\functional">
      <Filter>源文件\GUN 4.8</Filter>
    </None>
    <None Include="GUN 4.8\ext\hash_map">
      <Filter>源文件\GUN 4.8</Filter>
    </None>
    <None Include="GUN 4.8\ext\hash_set">
      <Filter>源文件\GUN 4.8</Filter>
    </None>
    <None Include="GUN 4.8\ext\iterator">
      <Filter>源文件\GUN 4.8</Filter>
    </None>
    <None Include="GUN 4.8\ext\memory">
      <Filter>源文件\GUN 4.8</Filter>
    </None>
    <None Include="GUN 4.8\ext\numeric">
      <Filter>源文件\GUN 4.8</Filter>
    </None>
    <None Include="GUN 4.8\ext\random">
      <Filter>源文件\GUN 4.8</Filter>
    </None>
    <None Include="GUN 4.8\ext\random.tcc">
      <Filter>源文件\GUN 4.8</Filter>
    </None>
    <None Include="GUN 4.8\ext\rb_tree">
      <Filter>源文件\GUN 4.8</Filter>
    </None>
    <None Include="GUN 4.8\ext\rope">
      <Filter>源文件\GUN 4.8</Filter>
    </None>
    <None Include="GUN 4.8\ext\slist">
      <Filter>源文件\GUN 4.8</Filter>
    </None>
    <None Include="GUN 4.8\ext\vstring.tcc">
      <Filter>源文件\GUN 4.8</Filter>
    </None>
    <None Include="GUN 4.8\parallel\algorithm">
      <Filter>源文件\GUN 4.8</Filter>
    </None>
    <None Include="GUN 4.8\parallel\numeric">
      <Filter>源文件\GUN 4.8</Filter>
    </None>
    <None Include="GUN 4.8\profile\array">
      <Filter>源文件\GUN 4.8</Filter>
    </None>
    <None Include="GUN 4.8\profile\bitset">
      <Filter>源文件\GUN 4.8</Filter>
    </None>
    <None Include="GUN 4.8\profile\deque">
      <Filter>源文件\GUN 4.8</Filter>
    </None>
    <None Include="GUN 4.8\profile\forward_list">
      <Filter>源文件\GUN 4.8</Filter>
    </None>
    <None Include="GUN 4.8\profile\list">
      <Filter>源文件\GUN 4.8</Filter>
    </None>
    <None Include="GUN 4.8\profile\map">
      <Filter>源文件\GUN 4.8</Filter>
    </None>
    <None Include="GUN 4.8\profile\set">
      <Filter>源文件\GUN 4.8</Filter>
    </None>
    <None Include="GUN 4.8\profile\unordered_map">
      <Filter>源文件\GUN 4.8</Filter>
    </None>
    <None Include="GUN 4.8\profile\unordered_set">
      <Filter>源文件\GUN 4.8</Filter>
    </None>
    <None Include="GUN 4.8\profile\vector">
      <Filter>源文件\GUN 4.8</Filter>
    </None>
    <None Include="GUN 4.8\tr2\bool_set">
      <Filter>源文件\GUN 4.8</Filter>
    </None>
    <None Include="GUN 4.8\tr2\bool_set.tcc">
      <Filter>源文件\GUN 4.8</Filter>
    </None>
    <None Include="GUN 4.8\tr2\dynamic_bitset">
      <Filter>源文件\GUN 4.8</Filter>
    </None>
    <None Include="GUN 4.8\tr2\ratio">
      <Filter>源文件\GUN 4.8</Filter>
    </None>
    <None Include="GUN 4.8\tr2\type_traits">
      <Filter>源文件\GUN 4.8</Filter>
    </None>
  </ItemGroup>
</Project>