<?xml version="1.0" encoding="utf-8"?>
<Project ToolsVersion="4.0" xmlns="http://schemas.microsoft.com/developer/msbuild/2003">
  <ItemGroup>
    <Filter Include="源文件">
      <UniqueIdentifier>{4FC737F1-C7A5-4376-A066-2A32D752A2FF}</UniqueIdentifier>
      <Extensions>cpp;c;cc;cxx;def;odl;idl;hpj;bat;asm;asmx</Extensions>
    </Filter>
    <Filter Include="头文件">
      <UniqueIdentifier>{93995380-89BD-4b04-88EB-625FBE52EBFB}</UniqueIdentifier>
      <Extensions>h;hh;hpp;hxx;hm;inl;inc;xsd</Extensions>
    </Filter>
    <Filter Include="资源文件">
      <UniqueIdentifier>{67DA6AB6-F800-4c08-8B7A-83BB121AAD01}</UniqueIdentifier>
      <Extensions>rc;ico;cur;bmp;dlg;rc2;rct;bin;rgs;gif;jpg;jpeg;jpe;resx;tiff;tif;png;wav;mfcribbon-ms</Extensions>
    </Filter>
  </ItemGroup>
  <ItemGroup>
    <ClCompile Include="gcd.c">
      <Filter>源文件</Filter>
    </ClCompile>
    <ClCompile Include="isPrime.c">
      <Filter>源文件</Filter>
    </ClCompile>
    <ClCompile Include="Monkey eat pears.c">
      <Filter>源文件</Filter>
    </ClCompile>
    <ClCompile Include="Multiply Table.c">
      <Filter>源文件</Filter>
    </ClCompile>
    <ClCompile Include="Specific Letter Graphic.c">
      <Filter>源文件</Filter>
    </ClCompile>
    <ClCompile Include="Hanoi.c">
      <Filter>源文件</Filter>
    </ClCompile>
    <ClCompile Include="integertoString.c">
      <Filter>源文件</Filter>
    </ClCompile>
    <ClCompile Include="Magic Matric.c">
      <Filter>源文件</Filter>
    </ClCompile>
    <ClCompile Include="Spiral Matrix.c">
      <Filter>源文件</Filter>
    </ClCompile>
    <ClCompile Include="str Operation.c">
      <Filter>源文件</Filter>
    </ClCompile>
    <ClCompile Include="isPalindrome.c">
      <Filter>源文件</Filter>
    </ClCompile>
    <ClCompile Include="Saddle Point in 2D array.c">
      <Filter>源文件</Filter>
    </ClCompile>
    <ClCompile Include="binarySearch.cpp">
      <Filter>源文件</Filter>
    </ClCompile>
    <ClCompile Include="binarySearch.c">
      <Filter>源文件</Filter>
    </ClCompile>
    <ClCompile Include="argcSort.c">
      <Filter>源文件</Filter>
    </ClCompile>
    <ClCompile Include="swap.c">
      <Filter>源文件</Filter>
    </ClCompile>
    <ClCompile Include="studentsInfo.c">
      <Filter>源文件</Filter>
    </ClCompile>
    <ClCompile Include="insert s1 s1 pos.c">
      <Filter>源文件</Filter>
    </ClCompile>
    <ClCompile Include="xing to the end.cpp">
      <Filter>源文件</Filter>
    </ClCompile>
    <ClCompile Include="the Day in this year.c">
      <Filter>源文件</Filter>
    </ClCompile>
    <ClCompile Include="studentsRegisterTable.c">
      <Filter>源文件</Filter>
    </ClCompile>
    <ClCompile Include="students LinkedList info.c">
      <Filter>源文件</Filter>
    </ClCompile>
    <ClCompile Include="delete Specific data in LinkedList.c">
      <Filter>源文件</Filter>
    </ClCompile>
    <ClCompile Include="Josephus Problem.c">
      <Filter>源文件</Filter>
    </ClCompile>
    <ClCompile Include="BytesAligning.c">
      <Filter>源文件</Filter>
    </ClCompile>
    <ClCompile Include="StringSplit.cpp">
      <Filter>源文件</Filter>
    </ClCompile>
    <ClCompile Include="combination permutation powerset.cpp">
      <Filter>源文件</Filter>
    </ClCompile>
    <ClCompile Include="sizeof.cpp">
      <Filter>源文件</Filter>
    </ClCompile>
    <ClCompile Include="isIPAddressLegal.cpp">
      <Filter>源文件</Filter>
    </ClCompile>
    <ClCompile Include="朴素字符串匹配算法与KMP算法.cpp">
      <Filter>源文件</Filter>
    </ClCompile>
    <ClCompile Include="数组与指针的区别.cpp">
      <Filter>源文件</Filter>
    </ClCompile>
    <ClCompile Include="递归实现全排列.cpp">
      <Filter>源文件</Filter>
    </ClCompile>
    <ClCompile Include="static和const关键字.cpp">
      <Filter>源文件</Filter>
    </ClCompile>
    <ClCompile Include="钢条切割问题.cpp">
      <Filter>源文件</Filter>
    </ClCompile>
  </ItemGroup>
</Project>