<?xml version="1.0" encoding="utf-8"?>
<Project ToolsVersion="4.0" xmlns="http://schemas.microsoft.com/developer/msbuild/2003">
  <ItemGroup>
    <Filter Include="源文件">
      <UniqueIdentifier>{4FC737F1-C7A5-4376-A066-2A32D752A2FF}</UniqueIdentifier>
      <Extensions>cpp;c;cc;cxx;def;odl;idl;hpj;bat;asm;asmx</Extensions>
    </Filter>
    <Filter Include="头文件">
      <UniqueIdentifier>{93995380-89BD-4b04-88EB-625FBE52EBFB}</UniqueIdentifier>
      <Extensions>h;hh;hpp;hxx;hm;inl;inc;xsd</Extensions>
    </Filter>
    <Filter Include="资源文件">
      <UniqueIdentifier>{67DA6AB6-F800-4c08-8B7A-83BB121AAD01}</UniqueIdentifier>
      <Extensions>rc;ico;cur;bmp;dlg;rc2;rct;bin;rgs;gif;jpg;jpeg;jpe;resx;tiff;tif;png;wav;mfcribbon-ms</Extensions>
    </Filter>
  </ItemGroup>
  <ItemGroup>
    <ClCompile Include="gcd.c">
      <Filter>源文件</Filter>
    </ClCompile>
    <ClCompile Include="Monkey eat pears.c">
      <Filter>源文件</Filter>
    </ClCompile>
    <ClCompile Include="Multiply Table.c">
      <Filter>源文件</Filter>
    </ClCompile>
    <ClCompile Include="Specific Letter Graphic.c">
      <Filter>源文件</Filter>
    </ClCompile>
    <ClCompile Include="Hanoi.c">
      <Filter>源文件</Filter>
    </ClCompile>
    <ClCompile Include="integertoString.c">
      <Filter>源文件</Filter>
    </ClCompile>
    <ClCompile Include="Magic Matric.c">
      <Filter>源文件</Filter>
    </ClCompile>
    <ClCompile Include="Spiral Matrix.c">
      <Filter>源文件</Filter>
    </ClCompile>
    <ClCompile Include="isPalindrome.c">
      <Filter>源文件</Filter>
    </ClCompile>
    <ClCompile Include="Saddle Point in 2D array.c">
      <Filter>源文件</Filter>
    </ClCompile>
    <ClCompile Include="binarySearch.cpp">
      <Filter>源文件</Filter>
    </ClCompile>
    <ClCompile Include="binarySearch.c">
      <Filter>源文件</Filter>
    </ClCompile>
    <ClCompile Include="argcSort.c">
      <Filter>源文件</Filter>
    </ClCompile>
    <ClCompile Include="swap.c">
      <Filter>源文件</Filter>
    </ClCompile>
    <ClCompile Include="studentsInfo.c">
      <Filter>源文件</Filter>
    </ClCompile>
    <ClCompile Include="insert s1 s1 pos.c">
      <Filter>源文件</Filter>
    </ClCompile>
    <ClCompile Include="xing to the end.cpp">
      <Filter>源文件</Filter>
    </ClCompile>
    <ClCompile Include="the Day in this year.c">
      <Filter>源文件</Filter>
    </ClCompile>
    <ClCompile Include="studentsRegisterTable.c">
      <Filter>源文件</Filter>
    </ClCompile>
    <ClCompile Include="students LinkedList info.c">
      <Filter>源文件</Filter>
    </ClCompile>
    <ClCompile Include="delete Specific data in LinkedList.c">
      <Filter>源文件</Filter>
    </ClCompile>
    <ClCompile Include="Josephus Problem.c">
      <Filter>源文件</Filter>
    </ClCompile>
    <ClCompile Include="BytesAligning.c">
      <Filter>源文件</Filter>
    </ClCompile>
    <ClCompile Include="StringSplit.cpp">
      <Filter>源文件</Filter>
    </ClCompile>
    <ClCompile Include="combination permutation powerset.cpp">
      <Filter>源文件</Filter>
    </ClCompile>
    <ClCompile Include="sizeof.cpp">
      <Filter>源文件</Filter>
    </ClCompile>
    <ClCompile Include="isIPAddressLegal.cpp">
      <Filter>源文件</Filter>
    </ClCompile>
    <ClCompile Include="朴素字符串匹配算法与KMP算法.cpp">
      <Filter>源文件</Filter>
    </ClCompile>
    <ClCompile Include="数组与指针的区别.cpp">
      <Filter>源文件</Filter>
    </ClCompile>
    <ClCompile Include="递归实现全排列.cpp">
      <Filter>源文件</Filter>
    </ClCompile>
    <ClCompile Include="static和const关键字.cpp">
      <Filter>源文件</Filter>
    </ClCompile>
    <ClCompile Include="钢条切割问题.cpp">
      <Filter>源文件</Filter>
    </ClCompile>
    <ClCompile Include="判断是不是2的幂次方.cpp">
      <Filter>源文件</Filter>
    </ClCompile>
    <ClCompile Include="判断括号是否匹配.cpp">
      <Filter>源文件</Filter>
    </ClCompile>
    <ClCompile Include="指针和引用的区别.cpp">
      <Filter>源文件</Filter>
    </ClCompile>
    <ClCompile Include="括号匹配一共多少种.cpp">
      <Filter>源文件</Filter>
    </ClCompile>
    <ClCompile Include="某一入栈顺序 求一共有几种出栈顺序.cpp">
      <Filter>源文件</Filter>
    </ClCompile>
    <ClCompile Include="分解质因数.cpp">
      <Filter>源文件</Filter>
    </ClCompile>
    <ClCompile Include="16进制与10进制相互转换.cpp">
      <Filter>源文件</Filter>
    </ClCompile>
    <ClCompile Include="找使数组排序的最小序列差.cpp">
      <Filter>源文件</Filter>
    </ClCompile>
    <ClCompile Include="argSort.cpp">
      <Filter>源文件</Filter>
    </ClCompile>
    <ClCompile Include="打印螺旋矩阵-方阵.cpp">
      <Filter>源文件</Filter>
    </ClCompile>
    <ClCompile Include="打印zigzag矩阵.cpp">
      <Filter>源文件</Filter>
    </ClCompile>
    <ClCompile Include="分治算法求最近点对 .cpp">
      <Filter>源文件</Filter>
    </ClCompile>
    <ClCompile Include="C++11 计算程序时间.cpp">
      <Filter>源文件</Filter>
    </ClCompile>
    <ClCompile Include="数组中出现次数最多的一个数.cpp">
      <Filter>源文件</Filter>
    </ClCompile>
    <ClCompile Include="字符串标记——招银网络科技在线笔试题.cpp">
      <Filter>源文件</Filter>
    </ClCompile>
    <ClCompile Include="0-N随机数产生K-L的随机数.cpp">
      <Filter>源文件</Filter>
    </ClCompile>
    <ClCompile Include="验证函数重载.cpp">
      <Filter>源文件</Filter>
    </ClCompile>
    <ClCompile Include="统计数组中出现的次数.cpp">
      <Filter>源文件</Filter>
    </ClCompile>
    <ClCompile Include="缀表达式求值.cpp">
      <Filter>源文件</Filter>
    </ClCompile>
    <ClCompile Include="洗牌算法.cpp">
      <Filter>源文件</Filter>
    </ClCompile>
    <ClCompile Include="四种类型转换比较.cpp">
      <Filter>源文件</Filter>
    </ClCompile>
    <ClCompile Include="爱心程序.cpp">
      <Filter>源文件</Filter>
    </ClCompile>
    <ClCompile Include="面试中可能要写的小程序.c">
      <Filter>源文件</Filter>
    </ClCompile>
    <ClCompile Include="string_to_int%28atoi%29.cpp">
      <Filter>源文件</Filter>
    </ClCompile>
    <ClCompile Include="memcpy(内存有重叠).cpp">
      <Filter>源文件</Filter>
    </ClCompile>
    <ClCompile Include="isPrime.cpp">
      <Filter>源文件</Filter>
    </ClCompile>
  </ItemGroup>
</Project>