<?xml version="1.0" encoding="utf-8"?>
<Project ToolsVersion="4.0" xmlns="http://schemas.microsoft.com/developer/msbuild/2003">
  <ItemGroup>
    <Filter Include="源文件">
      <UniqueIdentifier>{4FC737F1-C7A5-4376-A066-2A32D752A2FF}</UniqueIdentifier>
      <Extensions>cpp;c;cc;cxx;def;odl;idl;hpj;bat;asm;asmx</Extensions>
    </Filter>
    <Filter Include="头文件">
      <UniqueIdentifier>{93995380-89BD-4b04-88EB-625FBE52EBFB}</UniqueIdentifier>
      <Extensions>h;hh;hpp;hxx;hm;inl;inc;xsd</Extensions>
    </Filter>
    <Filter Include="资源文件">
      <UniqueIdentifier>{67DA6AB6-F800-4c08-8B7A-83BB121AAD01}</UniqueIdentifier>
      <Extensions>rc;ico;cur;bmp;dlg;rc2;rct;bin;rgs;gif;jpg;jpeg;jpe;resx;tiff;tif;png;wav;mfcribbon-ms</Extensions>
    </Filter>
    <Filter Include="源文件\相机标定">
      <UniqueIdentifier>{e094e842-68d0-4ad7-a065-e225862e5e51}</UniqueIdentifier>
    </Filter>
    <Filter Include="源文件\裂缝检测">
      <UniqueIdentifier>{0c4ed2e7-9b95-4071-a196-519beb3abf4f}</UniqueIdentifier>
    </Filter>
    <Filter Include="源文件\裂缝检测\头文件">
      <UniqueIdentifier>{9f3b8993-282c-4f81-945e-e926efb64194}</UniqueIdentifier>
    </Filter>
    <Filter Include="源文件\裂缝检测\源文件">
      <UniqueIdentifier>{c34bf264-490e-46fa-8cce-c8d6acc45a12}</UniqueIdentifier>
    </Filter>
    <Filter Include="源文件\教你一步一步用c语言实现sift算法">
      <UniqueIdentifier>{58420645-fc04-40f0-bed7-40e578510451}</UniqueIdentifier>
    </Filter>
    <Filter Include="源文件\Canny">
      <UniqueIdentifier>{1d00a535-d94c-4649-acb1-0d45de564d61}</UniqueIdentifier>
    </Filter>
  </ItemGroup>
  <ItemGroup>
    <ClCompile Include="彩色图像直方图均衡化.cpp">
      <Filter>源文件</Filter>
    </ClCompile>
    <ClCompile Include="角点检测.cpp">
      <Filter>源文件</Filter>
    </ClCompile>
    <ClCompile Include="CameraCalibrator.cpp">
      <Filter>源文件\相机标定</Filter>
    </ClCompile>
    <ClCompile Include="calibrate.cpp">
      <Filter>源文件\相机标定</Filter>
    </ClCompile>
    <ClCompile Include="calc_refined_field.cpp">
      <Filter>源文件\裂缝检测\源文件</Filter>
    </ClCompile>
    <ClCompile Include="node.cpp">
      <Filter>源文件\裂缝检测\源文件</Filter>
    </ClCompile>
    <ClCompile Include="convert_tensor_ev.cpp">
      <Filter>源文件\裂缝检测\源文件</Filter>
    </ClCompile>
    <ClCompile Include="calc_sparse_field.cpp">
      <Filter>源文件\裂缝检测\源文件</Filter>
    </ClCompile>
    <ClCompile Include="dt.cpp">
      <Filter>源文件\裂缝检测\源文件</Filter>
    </ClCompile>
    <ClCompile Include="calc_vote_ball.cpp">
      <Filter>源文件\裂缝检测\源文件</Filter>
    </ClCompile>
    <ClCompile Include="create_ball_tensorfield.cpp">
      <Filter>源文件\裂缝检测\源文件</Filter>
    </ClCompile>
    <ClCompile Include="create_cached_vf.cpp">
      <Filter>源文件\裂缝检测\源文件</Filter>
    </ClCompile>
    <ClCompile Include="calc_vote_stick.cpp">
      <Filter>源文件\裂缝检测\源文件</Filter>
    </ClCompile>
    <ClCompile Include="create_stick_tensorfield.cpp">
      <Filter>源文件\裂缝检测\源文件</Filter>
    </ClCompile>
    <ClCompile Include="nonMaximaSuppression.cpp">
      <Filter>源文件\裂缝检测\源文件</Filter>
    </ClCompile>
    <ClCompile Include="histpeaks.cpp">
      <Filter>源文件\裂缝检测\源文件</Filter>
    </ClCompile>
    <ClCompile Include="myDesign.cpp">
      <Filter>源文件\裂缝检测\源文件</Filter>
    </ClCompile>
    <ClCompile Include="thres.cpp">
      <Filter>源文件\裂缝检测\源文件</Filter>
    </ClCompile>
    <ClCompile Include="crackTreeOriginal.cpp">
      <Filter>源文件\裂缝检测\源文件</Filter>
    </ClCompile>
    <ClCompile Include="mySeedsGenerating.cpp">
      <Filter>源文件\裂缝检测\源文件</Filter>
    </ClCompile>
    <ClCompile Include="isolate1.cpp">
      <Filter>源文件\裂缝检测\源文件</Filter>
    </ClCompile>
    <ClCompile Include="find_feature.cpp">
      <Filter>源文件\裂缝检测\源文件</Filter>
    </ClCompile>
    <ClCompile Include="isolate.cpp">
      <Filter>源文件\裂缝检测\源文件</Filter>
    </ClCompile>
    <ClCompile Include="crackPreDetection.cpp">
      <Filter>源文件\裂缝检测\源文件</Filter>
    </ClCompile>
    <ClCompile Include="newDesign.cpp">
      <Filter>源文件\裂缝检测\源文件</Filter>
    </ClCompile>
    <ClCompile Include="crack_detection.cpp">
      <Filter>源文件\裂缝检测\源文件</Filter>
    </ClCompile>
    <ClCompile Include="main.cpp">
      <Filter>源文件\裂缝检测\源文件</Filter>
    </ClCompile>
    <ClCompile Include="stitchingByGuoZhanKuo.cpp">
      <Filter>源文件\裂缝检测\源文件</Filter>
    </ClCompile>
    <ClCompile Include="stitchingTwoImgUsingOpenCV.cpp">
      <Filter>源文件</Filter>
    </ClCompile>
    <ClCompile Include="stitchingWKK.cpp">
      <Filter>源文件</Filter>
    </ClCompile>
    <ClCompile Include="stitching_detailed-OpenCV 3.3.cpp">
      <Filter>源文件</Filter>
    </ClCompile>
    <ClCompile Include="blenderTwoImg.cpp">
      <Filter>源文件</Filter>
    </ClCompile>
    <ClCompile Include="【OpenCV】访问Mat中每个像素的值（新）.cpp">
      <Filter>源文件</Filter>
    </ClCompile>
    <ClCompile Include="sift.cpp">
      <Filter>源文件\教你一步一步用c语言实现sift算法</Filter>
    </ClCompile>
    <ClCompile Include="siftmain.cpp">
      <Filter>源文件\教你一步一步用c语言实现sift算法</Filter>
    </ClCompile>
    <ClCompile Include="canny1.cpp">
      <Filter>源文件\Canny</Filter>
    </ClCompile>
    <ClCompile Include="canny2.cpp">
      <Filter>源文件\Canny</Filter>
    </ClCompile>
    <ClCompile Include="各种滤波算法-中值滤波 均值滤波 高斯滤波等.cpp">
      <Filter>源文件</Filter>
    </ClCompile>
  </ItemGroup>
  <ItemGroup>
    <ClInclude Include="CameraCalibrator.h">
      <Filter>源文件\相机标定</Filter>
    </ClInclude>
    <ClInclude Include="crack_detection.h">
      <Filter>源文件\裂缝检测\头文件</Filter>
    </ClInclude>
    <ClInclude Include="dt.h">
      <Filter>源文件\裂缝检测\头文件</Filter>
    </ClInclude>
    <ClInclude Include="timer.h">
      <Filter>源文件\裂缝检测\头文件</Filter>
    </ClInclude>
    <ClInclude Include="tvf.h">
      <Filter>源文件\裂缝检测\头文件</Filter>
    </ClInclude>
    <ClInclude Include="include.h">
      <Filter>源文件\教你一步一步用c语言实现sift算法</Filter>
    </ClInclude>
    <ClInclude Include="sift.h">
      <Filter>源文件\教你一步一步用c语言实现sift算法</Filter>
    </ClInclude>
  </ItemGroup>
  <ItemGroup>
    <Image Include="【OpenCV】访问Mat中每个像素的值（新）.jpg">
      <Filter>资源文件</Filter>
    </Image>
  </ItemGroup>
</Project>