<?xml version="1.0" encoding="utf-8"?>
<Project ToolsVersion="4.0" xmlns="http://schemas.microsoft.com/developer/msbuild/2003">
  <ItemGroup>
    <Filter Include="源文件">
      <UniqueIdentifier>{4FC737F1-C7A5-4376-A066-2A32D752A2FF}</UniqueIdentifier>
      <Extensions>cpp;c;cc;cxx;def;odl;idl;hpj;bat;asm;asmx</Extensions>
    </Filter>
    <Filter Include="头文件">
      <UniqueIdentifier>{93995380-89BD-4b04-88EB-625FBE52EBFB}</UniqueIdentifier>
      <Extensions>h;hh;hpp;hxx;hm;inl;inc;xsd</Extensions>
    </Filter>
    <Filter Include="资源文件">
      <UniqueIdentifier>{67DA6AB6-F800-4c08-8B7A-83BB121AAD01}</UniqueIdentifier>
      <Extensions>rc;ico;cur;bmp;dlg;rc2;rct;bin;rgs;gif;jpg;jpeg;jpe;resx;tiff;tif;png;wav;mfcribbon-ms</Extensions>
    </Filter>
    <Filter Include="源文件\Sort">
      <UniqueIdentifier>{6374d075-26d1-4aa8-b30b-ca1b7fe75275}</UniqueIdentifier>
    </Filter>
    <Filter Include="源文件\Binary Tree">
      <UniqueIdentifier>{81951b2b-7ae7-48b8-bbf5-2e6cab3e2dd2}</UniqueIdentifier>
    </Filter>
    <Filter Include="源文件\LinkedList">
      <UniqueIdentifier>{31a4b24d-7e60-474c-98c6-50ecc9ec7650}</UniqueIdentifier>
    </Filter>
    <Filter Include="源文件\Stack">
      <UniqueIdentifier>{78a2b0f3-a96c-4d7c-b1f3-69cf585fa063}</UniqueIdentifier>
    </Filter>
    <Filter Include="源文件\Graph">
      <UniqueIdentifier>{a97cf44f-3f9d-4f25-9c60-605f4ef14acb}</UniqueIdentifier>
    </Filter>
    <Filter Include="源文件\queue">
      <UniqueIdentifier>{96e9bbf2-5a67-4e55-89c5-e7b7d30b9145}</UniqueIdentifier>
    </Filter>
    <Filter Include="源文件\Binary Tree\红黑树">
      <UniqueIdentifier>{99d96709-96da-4292-9596-bbba3bbae88a}</UniqueIdentifier>
    </Filter>
    <Filter Include="源文件\Binary Tree\二叉排序树">
      <UniqueIdentifier>{f675b6c1-5c1a-4841-a380-00fb446e45b6}</UniqueIdentifier>
    </Filter>
    <Filter Include="源文件\动态规划">
      <UniqueIdentifier>{16008afa-5a2f-4457-9c64-63b3dd6e887f}</UniqueIdentifier>
    </Filter>
  </ItemGroup>
  <ItemGroup>
    <ClCompile Include="DataStructure\bubbleSort.c">
      <Filter>源文件\Sort</Filter>
    </ClCompile>
    <ClCompile Include="DataStructure\heapSort.c">
      <Filter>源文件\Sort</Filter>
    </ClCompile>
    <ClCompile Include="DataStructure\heapSort.cpp">
      <Filter>源文件\Sort</Filter>
    </ClCompile>
    <ClCompile Include="DataStructure\heapSortNonRecursion.cpp">
      <Filter>源文件\Sort</Filter>
    </ClCompile>
    <ClCompile Include="DataStructure\insertSort.c">
      <Filter>源文件\Sort</Filter>
    </ClCompile>
    <ClCompile Include="DataStructure\mergeSort-non recursive.c">
      <Filter>源文件\Sort</Filter>
    </ClCompile>
    <ClCompile Include="DataStructure\mergeSort-recursive.c">
      <Filter>源文件\Sort</Filter>
    </ClCompile>
    <ClCompile Include="DataStructure\quickSort.c">
      <Filter>源文件\Sort</Filter>
    </ClCompile>
    <ClCompile Include="DataStructure\quickSort.cpp">
      <Filter>源文件\Sort</Filter>
    </ClCompile>
    <ClCompile Include="DataStructure\quickSortNonRecursion.cpp">
      <Filter>源文件\Sort</Filter>
    </ClCompile>
    <ClCompile Include="DataStructure\selectSort.c">
      <Filter>源文件\Sort</Filter>
    </ClCompile>
    <ClCompile Include="DataStructure\shellSort.c">
      <Filter>源文件\Sort</Filter>
    </ClCompile>
    <ClCompile Include="DataStructure\sort Algorithm Compare.c">
      <Filter>源文件\Sort</Filter>
    </ClCompile>
    <ClCompile Include="单向链表的各类操作.cpp">
      <Filter>源文件\LinkedList</Filter>
    </ClCompile>
    <ClCompile Include="单项循环链表.cpp">
      <Filter>源文件\LinkedList</Filter>
    </ClCompile>
    <ClCompile Include="双向链表.cpp">
      <Filter>源文件\LinkedList</Filter>
    </ClCompile>
    <ClCompile Include="双向循环链表.cpp">
      <Filter>源文件\LinkedList</Filter>
    </ClCompile>
    <ClCompile Include="DataStructure\RedBlackTree.cpp">
      <Filter>源文件\Binary Tree\红黑树</Filter>
    </ClCompile>
    <ClCompile Include="DataStructure\BSTree.cpp">
      <Filter>源文件\Binary Tree\二叉排序树</Filter>
    </ClCompile>
    <ClCompile Include="KD树.cpp">
      <Filter>源文件\Binary Tree</Filter>
    </ClCompile>
    <ClCompile Include="DataStructure\三角形求和最大.cpp">
      <Filter>源文件\动态规划</Filter>
    </ClCompile>
    <ClCompile Include="..\C Programming Book\最长公共子序列.cpp">
      <Filter>源文件\动态规划</Filter>
    </ClCompile>
    <ClCompile Include="..\hihoCode\1601- 最大得分.cpp">
      <Filter>源文件\动态规划</Filter>
    </ClCompile>
    <ClCompile Include="字典树.cpp">
      <Filter>源文件\Binary Tree</Filter>
    </ClCompile>
    <ClCompile Include="矩阵链乘法.cpp">
      <Filter>源文件\动态规划</Filter>
    </ClCompile>
    <ClCompile Include="0-1背包问题.cpp">
      <Filter>源文件\动态规划</Filter>
    </ClCompile>
    <ClCompile Include="并查集.cpp">
      <Filter>源文件</Filter>
    </ClCompile>
    <ClCompile Include="邻接链表创建图.cpp">
      <Filter>源文件\Graph</Filter>
    </ClCompile>
    <ClCompile Include="使用优先队列和STL解决迪杰斯特拉算法.cpp">
      <Filter>源文件\Graph</Filter>
    </ClCompile>
    <ClCompile Include="使用优先队列实现Prim最小生成树算法.cpp">
      <Filter>源文件\Graph</Filter>
    </ClCompile>
    <ClCompile Include="最小生成树prim算法一般实现(使用邻接矩阵).cpp">
      <Filter>源文件\Graph</Filter>
    </ClCompile>
    <ClCompile Include="最小生成树kruskal算法实现.cpp">
      <Filter>源文件\Graph</Filter>
    </ClCompile>
    <ClCompile Include="广度优先搜索BFS%28有向图%29.cpp">
      <Filter>源文件\Graph</Filter>
    </ClCompile>
    <ClCompile Include="深度优先搜索DFS-递归%28有向图%29.cpp">
      <Filter>源文件\Graph</Filter>
    </ClCompile>
    <ClCompile Include="深度优先搜索DFS-迭代%28有向图%29.cpp">
      <Filter>源文件\Graph</Filter>
    </ClCompile>
    <ClCompile Include="最小生成树prim算法一般实现(使用邻接链表).cpp">
      <Filter>源文件\Graph</Filter>
    </ClCompile>
    <ClCompile Include="使用并查集和STL实现kruskal最小生成树算法.cpp">
      <Filter>源文件\Graph</Filter>
    </ClCompile>
    <ClCompile Include="广度优先搜索%28BFS%29-OpenCV.cpp">
      <Filter>源文件\Graph</Filter>
    </ClCompile>
    <ClCompile Include="二叉树的各种遍历-递归非递归(以KD树为例).cpp">
      <Filter>源文件\Binary Tree</Filter>
    </ClCompile>
  </ItemGroup>
  <ItemGroup>
    <ClInclude Include="DataStructure\RedBlackTree.h">
      <Filter>源文件\Binary Tree\红黑树</Filter>
    </ClInclude>
    <ClInclude Include="DataStructure\BSTree.h">
      <Filter>源文件\Binary Tree\二叉排序树</Filter>
    </ClInclude>
  </ItemGroup>
  <ItemGroup>
    <None Include="scipy中KDTree例子.py">
      <Filter>源文件\Binary Tree</Filter>
    </None>
  </ItemGroup>
</Project>