<?xml version="1.0" encoding="utf-8"?>
<Project ToolsVersion="4.0" xmlns="http://schemas.microsoft.com/developer/msbuild/2003">
  <ItemGroup>
    <Filter Include="源文件">
      <UniqueIdentifier>{4FC737F1-C7A5-4376-A066-2A32D752A2FF}</UniqueIdentifier>
      <Extensions>cpp;c;cc;cxx;def;odl;idl;hpj;bat;asm;asmx</Extensions>
    </Filter>
    <Filter Include="头文件">
      <UniqueIdentifier>{93995380-89BD-4b04-88EB-625FBE52EBFB}</UniqueIdentifier>
      <Extensions>h;hh;hpp;hxx;hm;inl;inc;xsd</Extensions>
    </Filter>
    <Filter Include="资源文件">
      <UniqueIdentifier>{67DA6AB6-F800-4c08-8B7A-83BB121AAD01}</UniqueIdentifier>
      <Extensions>rc;ico;cur;bmp;dlg;rc2;rct;bin;rgs;gif;jpg;jpeg;jpe;resx;tiff;tif;png;wav;mfcribbon-ms</Extensions>
    </Filter>
    <Filter Include="[Offer收割]编程练习赛49">
      <UniqueIdentifier>{94044601-61d0-4b5d-9b80-5350a6d96538}</UniqueIdentifier>
    </Filter>
    <Filter Include="[Offer收割]编程练习赛50">
      <UniqueIdentifier>{008cff9e-7dd1-4b4a-88ae-9c59610d57c3}</UniqueIdentifier>
    </Filter>
    <Filter Include="[Offer收割]编程练习赛29">
      <UniqueIdentifier>{c80edf88-d95d-44f5-a8c6-31bdc9d47502}</UniqueIdentifier>
    </Filter>
    <Filter Include="[Offer收割]编程练习赛41">
      <UniqueIdentifier>{d1902940-bc75-400f-b62a-b77fe1a24872}</UniqueIdentifier>
    </Filter>
    <Filter Include="[Offer收割]编程练习赛31">
      <UniqueIdentifier>{b715abb4-0a63-461f-b2e7-90d176b6847a}</UniqueIdentifier>
    </Filter>
    <Filter Include="hihoCoder挑战赛31">
      <UniqueIdentifier>{c5a46598-44ec-4123-af93-d8fd7093bd71}</UniqueIdentifier>
    </Filter>
    <Filter Include="[Offer收割]编程练习赛51">
      <UniqueIdentifier>{b026508a-1868-43c7-bbbd-b9e975e302f1}</UniqueIdentifier>
    </Filter>
    <Filter Include="[Offer收割]编程练习赛52">
      <UniqueIdentifier>{087b311b-509a-4aff-9d68-d29406c54e17}</UniqueIdentifier>
    </Filter>
    <Filter Include="[Offer收割]编程练习赛53">
      <UniqueIdentifier>{6ba1465f-09e8-4969-97e4-62f6d476958a}</UniqueIdentifier>
    </Filter>
  </ItemGroup>
  <ItemGroup>
    <ClCompile Include="1601- 最大得分.cpp">
      <Filter>源文件</Filter>
    </ClCompile>
    <ClCompile Include="1037- 数字三角形.cpp">
      <Filter>源文件</Filter>
    </ClCompile>
    <ClCompile Include="1015-KMP算法.cpp">
      <Filter>源文件</Filter>
    </ClCompile>
    <ClCompile Include="1595-Numbers.cpp">
      <Filter>源文件</Filter>
    </ClCompile>
    <ClCompile Include="1670-比赛日程安排.cpp">
      <Filter>源文件</Filter>
    </ClCompile>
    <ClCompile Include="1671-反转子串.cpp">
      <Filter>源文件</Filter>
    </ClCompile>
    <ClCompile Include="题目1-相似颜色.cpp">
      <Filter>[Offer收割]编程练习赛49</Filter>
    </ClCompile>
    <ClCompile Include="题目2-挑选子集.cpp">
      <Filter>[Offer收割]编程练习赛49</Filter>
    </ClCompile>
    <ClCompile Include="1702-矩阵迷宫.cpp">
      <Filter>源文件</Filter>
    </ClCompile>
    <ClCompile Include="1050-树中的最长路.cpp">
      <Filter>源文件</Filter>
    </ClCompile>
    <ClCompile Include="题目1-循环数组.cpp">
      <Filter>[Offer收割]编程练习赛50</Filter>
    </ClCompile>
    <ClCompile Include="题目2-座位问题.cpp">
      <Filter>[Offer收割]编程练习赛50</Filter>
    </ClCompile>
    <ClCompile Include="题目3-末尾有最多0的乘积.cpp">
      <Filter>[Offer收割]编程练习赛50</Filter>
    </ClCompile>
    <ClCompile Include="题目4-麻烦的第K大问题.cpp">
      <Filter>[Offer收割]编程练习赛50</Filter>
    </ClCompile>
    <ClCompile Include="题目3-矩阵迷宫.cpp">
      <Filter>[Offer收割]编程练习赛49</Filter>
    </ClCompile>
    <ClCompile Include="题目4-第K小先序遍历.cpp">
      <Filter>[Offer收割]编程练习赛49</Filter>
    </ClCompile>
    <ClCompile Include="题目2-料理次元.cpp">
      <Filter>[Offer收割]编程练习赛29</Filter>
    </ClCompile>
    <ClCompile Include="题目3-最大得分.cpp">
      <Filter>[Offer收割]编程练习赛29</Filter>
    </ClCompile>
    <ClCompile Include="题目4-本质不同的回文子串的数量.cpp">
      <Filter>[Offer收割]编程练习赛29</Filter>
    </ClCompile>
    <ClCompile Include="题目1-比赛日程安排.cpp">
      <Filter>[Offer收割]编程练习赛41</Filter>
    </ClCompile>
    <ClCompile Include="题目2-反转子串.cpp">
      <Filter>[Offer收割]编程练习赛41</Filter>
    </ClCompile>
    <ClCompile Include="题目3-区间问题.cpp">
      <Filter>[Offer收割]编程练习赛41</Filter>
    </ClCompile>
    <ClCompile Include="题目4-01间隔矩阵.cpp">
      <Filter>[Offer收割]编程练习赛41</Filter>
    </ClCompile>
    <ClCompile Include="题目1-H星人社交网络.cpp">
      <Filter>[Offer收割]编程练习赛31</Filter>
    </ClCompile>
    <ClCompile Include="题目2-Jerry的奶酪.cpp">
      <Filter>[Offer收割]编程练习赛31</Filter>
    </ClCompile>
    <ClCompile Include="题目3-数组分拆II.cpp">
      <Filter>[Offer收割]编程练习赛31</Filter>
    </ClCompile>
    <ClCompile Include="题目1-Numbers.cpp">
      <Filter>hihoCoder挑战赛31</Filter>
    </ClCompile>
    <ClCompile Include="题目2-Beautiful Sequence.cpp">
      <Filter>hihoCoder挑战赛31</Filter>
    </ClCompile>
    <ClCompile Include="题目3-Good 01-Sequence.cpp">
      <Filter>hihoCoder挑战赛31</Filter>
    </ClCompile>
    <ClCompile Include="题目1-逃离迷宫4.cpp">
      <Filter>[Offer收割]编程练习赛29</Filter>
    </ClCompile>
    <ClCompile Include="1043-完全背包.cpp">
      <Filter>源文件</Filter>
    </ClCompile>
    <ClCompile Include="题目1-灯光控制.cpp">
      <Filter>[Offer收割]编程练习赛51</Filter>
    </ClCompile>
    <ClCompile Include="题目2-相似的字符串.cpp">
      <Filter>[Offer收割]编程练习赛51</Filter>
    </ClCompile>
    <ClCompile Include="题目3-等差子数列.cpp">
      <Filter>[Offer收割]编程练习赛51</Filter>
    </ClCompile>
    <ClCompile Include="题目4-评论框排版.cpp">
      <Filter>[Offer收割]编程练习赛51</Filter>
    </ClCompile>
    <ClCompile Include="题目1-字符串排序.cpp">
      <Filter>[Offer收割]编程练习赛52</Filter>
    </ClCompile>
    <ClCompile Include="题目1-继承顺位.cpp">
      <Filter>[Offer收割]编程练习赛53</Filter>
    </ClCompile>
    <ClCompile Include="题目2-hiho字符串3.cpp">
      <Filter>[Offer收割]编程练习赛53</Filter>
    </ClCompile>
    <ClCompile Include="题目3-最长一次上升子序列.cpp">
      <Filter>[Offer收割]编程练习赛53</Filter>
    </ClCompile>
    <ClCompile Include="题目4-具选择.cpp">
      <Filter>[Offer收割]编程练习赛53</Filter>
    </ClCompile>
  </ItemGroup>
</Project>